
Microsoft Visual Studio Solution File, Format Version 12.00
# Visual Studio Version 17
VisualStudioVersion = 17.6.33801.468
MinimumVisualStudioVersion = 10.0.40219.1
Project("{9A19103F-16F7-4668-BE54-9A1E7A4F7556}") = "PFDB_SS", "PFDB_SS\PFDB_SS.csproj", "{9E0E1908-2DF9-41AF-BAE4-71E933FD80CD}"
EndProject
Project("{9A19103F-16F7-4668-BE54-9A1E7A4F7556}") = "WeaponClasses", "WeaponClasses\WeaponClasses.csproj", "{601C6893-5492-4F99-925C-950EB6D94121}"
EndProject
Project("{888888A0-9F3D-457C-B088-3A5042F75D52}") = "ImageParserForAPI", "ImageParserForAPI\ImageParserForAPI.pyproj", "{2D7FAD35-6FD6-4742-9D78-05964EFD0A29}"
EndProject
Project("{9A19103F-16F7-4668-BE54-9A1E7A4F7556}") = "PyExec", "PyExec\PyExec.csproj", "{561D1C48-FC84-4BC7-B495-06816180561B}"
EndProject
Project("{9A19103F-16F7-4668-BE54-9A1E7A4F7556}") = "FileParse", "fileparse\FileParse.csproj", "{1FDCE27F-4876-40F8-98F3-77BA9B21C7BE}"
EndProject
Project("{2150E333-8FDC-42A3-9474-1A3956D46DE8}") = "Solution Items", "Solution Items", "{091662A9-DEA1-43A5-A3B7-AFEE38FE4AD9}"
	ProjectSection(SolutionItems) = preProject
		.editorconfig = .editorconfig
		architecture.txt = architecture.txt
		attachments.db = attachments.db
		getProjectReferences.ps1 = getProjectReferences.ps1
	EndProjectSection
EndProject
Project("{9A19103F-16F7-4668-BE54-9A1E7A4F7556}") = "FileIO", "fileread\FileIO.csproj", "{90A08430-3034-483C-966C-44B531317C1A}"
EndProject
Project("{9A19103F-16F7-4668-BE54-9A1E7A4F7556}") = "P_invokeWrapper", "p_invokewrapper\P_invokeWrapper.csproj", "{60BFF1DD-807A-42B5-A90D-901BEAABE61F}"
	ProjectSection(ProjectDependencies) = postProject
		{EDC808D7-D6E3-4AEF-B207-896E6E914DED} = {EDC808D7-D6E3-4AEF-B207-896E6E914DED}
	EndProjectSection
EndProject
Project("{9A19103F-16F7-4668-BE54-9A1E7A4F7556}") = "StatisticProofread", "StatisticProofread\StatisticProofread.csproj", "{4F7ED044-16AE-463F-A17F-7C5DBFE17331}"
EndProject
Project("{8BC9CEB8-8B4A-11D0-8D11-00A0C91BC942}") = "Calculator", "Calculator\Calculator.vcxproj", "{EDC808D7-D6E3-4AEF-B207-896E6E914DED}"
EndProject
Project("{9A19103F-16F7-4668-BE54-9A1E7A4F7556}") = "temprenamer", "temprenamer\temprenamer.csproj", "{EE46B51A-0903-4148-98C1-3954F0921E3F}"
EndProject
Project("{9A19103F-16F7-4668-BE54-9A1E7A4F7556}") = "ComponentTester", "ComponentTester\ComponentTester.csproj", "{3C763D2D-FB41-4180-B90E-ECA413C86FB6}"
	ProjectSection(ProjectDependencies) = postProject
		{4F7ED044-16AE-463F-A17F-7C5DBFE17331} = {4F7ED044-16AE-463F-A17F-7C5DBFE17331}
		{561D1C48-FC84-4BC7-B495-06816180561B} = {561D1C48-FC84-4BC7-B495-06816180561B}
		{601C6893-5492-4F99-925C-950EB6D94121} = {601C6893-5492-4F99-925C-950EB6D94121}
		{60BFF1DD-807A-42B5-A90D-901BEAABE61F} = {60BFF1DD-807A-42B5-A90D-901BEAABE61F}
		{90A08430-3034-483C-966C-44B531317C1A} = {90A08430-3034-483C-966C-44B531317C1A}
	EndProjectSection
EndProject
Project("{9A19103F-16F7-4668-BE54-9A1E7A4F7556}") = "PFDBLogger", "Logger\PFDBLogger.csproj", "{3CD72DB6-C618-4315-A295-EAE0B1D0019B}"
EndProject
Project("{9A19103F-16F7-4668-BE54-9A1E7A4F7556}") = "WeaponUtility2", "WeaponUtility2\WeaponUtility2.csproj", "{FE5B2B35-2F24-4386-9AE5-9EDAF24D4B5A}"
EndProject
Project("{9A19103F-16F7-4668-BE54-9A1E7A4F7556}") = "Frontend.Server", "Frontend\Frontend.Server\Frontend.Server.csproj", "{C880A9F0-2737-4EBA-BFC7-C1AE62E3A1E8}"
EndProject
Project("{54A90642-561A-4BB1-A94E-469ADEE60C69}") = "frontend.client", "Frontend\frontend.client\frontend.client.esproj", "{786BD762-CD66-4880-9BE0-FCAC049DB7E9}"
EndProject
Project("{9A19103F-16F7-4668-BE54-9A1E7A4F7556}") = "Conversion", "Conversion\Conversion.csproj", "{4F7AA2A5-95C6-45A4-9715-0A6F9CDA09AC}"
EndProject
Project("{9A19103F-16F7-4668-BE54-9A1E7A4F7556}") = "StatisticUtility", "StatisticUtility\StatisticUtility.csproj", "{3ED048FD-9046-44B0-8C1E-550B12168B28}"
EndProject
Project("{9A19103F-16F7-4668-BE54-9A1E7A4F7556}") = "ParsingUtility", "ParsingUtility\ParsingUtility.csproj", "{8AC6EFF3-8C97-49EB-890D-F4D5AF6F3B70}"
EndProject
Project("{FAE04EC0-301F-11D3-BF4B-00C04F79EFBC}") = "ConversionUtility", "ConversionUtility\ConversionUtility.csproj", "{03CB6891-EF65-4575-A69C-2669C33D0E92}"
EndProject
Global
	GlobalSection(SolutionConfigurationPlatforms) = preSolution
		Debug|Any CPU = Debug|Any CPU
		Debug|x64 = Debug|x64
		Debug|x86 = Debug|x86
		Release|Any CPU = Release|Any CPU
		Release|x64 = Release|x64
		Release|x86 = Release|x86
	EndGlobalSection
	GlobalSection(ProjectConfigurationPlatforms) = postSolution
		{9E0E1908-2DF9-41AF-BAE4-71E933FD80CD}.Debug|Any CPU.ActiveCfg = Debug|Any CPU
		{9E0E1908-2DF9-41AF-BAE4-71E933FD80CD}.Debug|Any CPU.Build.0 = Debug|Any CPU
		{9E0E1908-2DF9-41AF-BAE4-71E933FD80CD}.Debug|x64.ActiveCfg = Debug|Any CPU
		{9E0E1908-2DF9-41AF-BAE4-71E933FD80CD}.Debug|x64.Build.0 = Debug|Any CPU
		{9E0E1908-2DF9-41AF-BAE4-71E933FD80CD}.Debug|x86.ActiveCfg = Debug|Any CPU
		{9E0E1908-2DF9-41AF-BAE4-71E933FD80CD}.Debug|x86.Build.0 = Debug|Any CPU
		{9E0E1908-2DF9-41AF-BAE4-71E933FD80CD}.Release|Any CPU.ActiveCfg = Release|Any CPU
		{9E0E1908-2DF9-41AF-BAE4-71E933FD80CD}.Release|Any CPU.Build.0 = Release|Any CPU
		{9E0E1908-2DF9-41AF-BAE4-71E933FD80CD}.Release|x64.ActiveCfg = Release|Any CPU
		{9E0E1908-2DF9-41AF-BAE4-71E933FD80CD}.Release|x64.Build.0 = Release|Any CPU
		{9E0E1908-2DF9-41AF-BAE4-71E933FD80CD}.Release|x86.ActiveCfg = Release|Any CPU
		{9E0E1908-2DF9-41AF-BAE4-71E933FD80CD}.Release|x86.Build.0 = Release|Any CPU
		{601C6893-5492-4F99-925C-950EB6D94121}.Debug|Any CPU.ActiveCfg = Debug|Any CPU
		{601C6893-5492-4F99-925C-950EB6D94121}.Debug|Any CPU.Build.0 = Debug|Any CPU
		{601C6893-5492-4F99-925C-950EB6D94121}.Debug|x64.ActiveCfg = Debug|Any CPU
		{601C6893-5492-4F99-925C-950EB6D94121}.Debug|x64.Build.0 = Debug|Any CPU
		{601C6893-5492-4F99-925C-950EB6D94121}.Debug|x86.ActiveCfg = Debug|Any CPU
		{601C6893-5492-4F99-925C-950EB6D94121}.Debug|x86.Build.0 = Debug|Any CPU
		{601C6893-5492-4F99-925C-950EB6D94121}.Release|Any CPU.ActiveCfg = Release|Any CPU
		{601C6893-5492-4F99-925C-950EB6D94121}.Release|Any CPU.Build.0 = Release|Any CPU
		{601C6893-5492-4F99-925C-950EB6D94121}.Release|x64.ActiveCfg = Release|Any CPU
		{601C6893-5492-4F99-925C-950EB6D94121}.Release|x64.Build.0 = Release|Any CPU
		{601C6893-5492-4F99-925C-950EB6D94121}.Release|x86.ActiveCfg = Release|Any CPU
		{601C6893-5492-4F99-925C-950EB6D94121}.Release|x86.Build.0 = Release|Any CPU
		{2D7FAD35-6FD6-4742-9D78-05964EFD0A29}.Debug|Any CPU.ActiveCfg = Debug|Any CPU
		{2D7FAD35-6FD6-4742-9D78-05964EFD0A29}.Debug|x64.ActiveCfg = Debug|Any CPU
		{2D7FAD35-6FD6-4742-9D78-05964EFD0A29}.Debug|x86.ActiveCfg = Debug|Any CPU
		{2D7FAD35-6FD6-4742-9D78-05964EFD0A29}.Release|Any CPU.ActiveCfg = Release|Any CPU
		{2D7FAD35-6FD6-4742-9D78-05964EFD0A29}.Release|x64.ActiveCfg = Release|Any CPU
		{2D7FAD35-6FD6-4742-9D78-05964EFD0A29}.Release|x86.ActiveCfg = Release|Any CPU
		{561D1C48-FC84-4BC7-B495-06816180561B}.Debug|Any CPU.ActiveCfg = Debug|Any CPU
		{561D1C48-FC84-4BC7-B495-06816180561B}.Debug|Any CPU.Build.0 = Debug|Any CPU
		{561D1C48-FC84-4BC7-B495-06816180561B}.Debug|x64.ActiveCfg = Debug|Any CPU
		{561D1C48-FC84-4BC7-B495-06816180561B}.Debug|x64.Build.0 = Debug|Any CPU
		{561D1C48-FC84-4BC7-B495-06816180561B}.Debug|x86.ActiveCfg = Debug|Any CPU
		{561D1C48-FC84-4BC7-B495-06816180561B}.Debug|x86.Build.0 = Debug|Any CPU
		{561D1C48-FC84-4BC7-B495-06816180561B}.Release|Any CPU.ActiveCfg = Release|Any CPU
		{561D1C48-FC84-4BC7-B495-06816180561B}.Release|Any CPU.Build.0 = Release|Any CPU
		{561D1C48-FC84-4BC7-B495-06816180561B}.Release|x64.ActiveCfg = Release|Any CPU
		{561D1C48-FC84-4BC7-B495-06816180561B}.Release|x64.Build.0 = Release|Any CPU
		{561D1C48-FC84-4BC7-B495-06816180561B}.Release|x86.ActiveCfg = Release|Any CPU
		{561D1C48-FC84-4BC7-B495-06816180561B}.Release|x86.Build.0 = Release|Any CPU
		{1FDCE27F-4876-40F8-98F3-77BA9B21C7BE}.Debug|Any CPU.ActiveCfg = Debug|Any CPU
		{1FDCE27F-4876-40F8-98F3-77BA9B21C7BE}.Debug|Any CPU.Build.0 = Debug|Any CPU
		{1FDCE27F-4876-40F8-98F3-77BA9B21C7BE}.Debug|x64.ActiveCfg = Debug|Any CPU
		{1FDCE27F-4876-40F8-98F3-77BA9B21C7BE}.Debug|x64.Build.0 = Debug|Any CPU
		{1FDCE27F-4876-40F8-98F3-77BA9B21C7BE}.Debug|x86.ActiveCfg = Debug|Any CPU
		{1FDCE27F-4876-40F8-98F3-77BA9B21C7BE}.Debug|x86.Build.0 = Debug|Any CPU
		{1FDCE27F-4876-40F8-98F3-77BA9B21C7BE}.Release|Any CPU.ActiveCfg = Release|Any CPU
		{1FDCE27F-4876-40F8-98F3-77BA9B21C7BE}.Release|Any CPU.Build.0 = Release|Any CPU
		{1FDCE27F-4876-40F8-98F3-77BA9B21C7BE}.Release|x64.ActiveCfg = Release|Any CPU
		{1FDCE27F-4876-40F8-98F3-77BA9B21C7BE}.Release|x64.Build.0 = Release|Any CPU
		{1FDCE27F-4876-40F8-98F3-77BA9B21C7BE}.Release|x86.ActiveCfg = Release|Any CPU
		{1FDCE27F-4876-40F8-98F3-77BA9B21C7BE}.Release|x86.Build.0 = Release|Any CPU
		{90A08430-3034-483C-966C-44B531317C1A}.Debug|Any CPU.ActiveCfg = Debug|Any CPU
		{90A08430-3034-483C-966C-44B531317C1A}.Debug|Any CPU.Build.0 = Debug|Any CPU
		{90A08430-3034-483C-966C-44B531317C1A}.Debug|x64.ActiveCfg = Debug|Any CPU
		{90A08430-3034-483C-966C-44B531317C1A}.Debug|x64.Build.0 = Debug|Any CPU
		{90A08430-3034-483C-966C-44B531317C1A}.Debug|x86.ActiveCfg = Debug|Any CPU
		{90A08430-3034-483C-966C-44B531317C1A}.Debug|x86.Build.0 = Debug|Any CPU
		{90A08430-3034-483C-966C-44B531317C1A}.Release|Any CPU.ActiveCfg = Release|Any CPU
		{90A08430-3034-483C-966C-44B531317C1A}.Release|Any CPU.Build.0 = Release|Any CPU
		{90A08430-3034-483C-966C-44B531317C1A}.Release|x64.ActiveCfg = Release|x64
		{90A08430-3034-483C-966C-44B531317C1A}.Release|x64.Build.0 = Release|x64
		{90A08430-3034-483C-966C-44B531317C1A}.Release|x86.ActiveCfg = Release|Any CPU
		{90A08430-3034-483C-966C-44B531317C1A}.Release|x86.Build.0 = Release|Any CPU
		{60BFF1DD-807A-42B5-A90D-901BEAABE61F}.Debug|Any CPU.ActiveCfg = Debug|Any CPU
		{60BFF1DD-807A-42B5-A90D-901BEAABE61F}.Debug|Any CPU.Build.0 = Debug|Any CPU
		{60BFF1DD-807A-42B5-A90D-901BEAABE61F}.Debug|x64.ActiveCfg = Debug|Any CPU
		{60BFF1DD-807A-42B5-A90D-901BEAABE61F}.Debug|x64.Build.0 = Debug|Any CPU
		{60BFF1DD-807A-42B5-A90D-901BEAABE61F}.Debug|x86.ActiveCfg = Debug|Any CPU
		{60BFF1DD-807A-42B5-A90D-901BEAABE61F}.Debug|x86.Build.0 = Debug|Any CPU
		{60BFF1DD-807A-42B5-A90D-901BEAABE61F}.Release|Any CPU.ActiveCfg = Release|Any CPU
		{60BFF1DD-807A-42B5-A90D-901BEAABE61F}.Release|Any CPU.Build.0 = Release|Any CPU
		{60BFF1DD-807A-42B5-A90D-901BEAABE61F}.Release|x64.ActiveCfg = Release|Any CPU
		{60BFF1DD-807A-42B5-A90D-901BEAABE61F}.Release|x64.Build.0 = Release|Any CPU
		{60BFF1DD-807A-42B5-A90D-901BEAABE61F}.Release|x86.ActiveCfg = Release|Any CPU
		{60BFF1DD-807A-42B5-A90D-901BEAABE61F}.Release|x86.Build.0 = Release|Any CPU
		{4F7ED044-16AE-463F-A17F-7C5DBFE17331}.Debug|Any CPU.ActiveCfg = Debug|Any CPU
		{4F7ED044-16AE-463F-A17F-7C5DBFE17331}.Debug|Any CPU.Build.0 = Debug|Any CPU
		{4F7ED044-16AE-463F-A17F-7C5DBFE17331}.Debug|x64.ActiveCfg = Debug|Any CPU
		{4F7ED044-16AE-463F-A17F-7C5DBFE17331}.Debug|x64.Build.0 = Debug|Any CPU
		{4F7ED044-16AE-463F-A17F-7C5DBFE17331}.Debug|x86.ActiveCfg = Debug|Any CPU
		{4F7ED044-16AE-463F-A17F-7C5DBFE17331}.Debug|x86.Build.0 = Debug|Any CPU
		{4F7ED044-16AE-463F-A17F-7C5DBFE17331}.Release|Any CPU.ActiveCfg = Release|Any CPU
		{4F7ED044-16AE-463F-A17F-7C5DBFE17331}.Release|Any CPU.Build.0 = Release|Any CPU
		{4F7ED044-16AE-463F-A17F-7C5DBFE17331}.Release|x64.ActiveCfg = Release|Any CPU
		{4F7ED044-16AE-463F-A17F-7C5DBFE17331}.Release|x64.Build.0 = Release|Any CPU
		{4F7ED044-16AE-463F-A17F-7C5DBFE17331}.Release|x86.ActiveCfg = Release|Any CPU
		{4F7ED044-16AE-463F-A17F-7C5DBFE17331}.Release|x86.Build.0 = Release|Any CPU
		{EDC808D7-D6E3-4AEF-B207-896E6E914DED}.Debug|Any CPU.ActiveCfg = Debug|x64
		{EDC808D7-D6E3-4AEF-B207-896E6E914DED}.Debug|Any CPU.Build.0 = Debug|x64
		{EDC808D7-D6E3-4AEF-B207-896E6E914DED}.Debug|x64.ActiveCfg = Debug|x64
		{EDC808D7-D6E3-4AEF-B207-896E6E914DED}.Debug|x64.Build.0 = Debug|x64
		{EDC808D7-D6E3-4AEF-B207-896E6E914DED}.Debug|x86.ActiveCfg = Debug|Win32
		{EDC808D7-D6E3-4AEF-B207-896E6E914DED}.Debug|x86.Build.0 = Debug|Win32
		{EDC808D7-D6E3-4AEF-B207-896E6E914DED}.Release|Any CPU.ActiveCfg = Release|x64
		{EDC808D7-D6E3-4AEF-B207-896E6E914DED}.Release|Any CPU.Build.0 = Release|x64
		{EDC808D7-D6E3-4AEF-B207-896E6E914DED}.Release|x64.ActiveCfg = Release|x64
		{EDC808D7-D6E3-4AEF-B207-896E6E914DED}.Release|x64.Build.0 = Release|x64
		{EDC808D7-D6E3-4AEF-B207-896E6E914DED}.Release|x86.ActiveCfg = Release|Win32
		{EDC808D7-D6E3-4AEF-B207-896E6E914DED}.Release|x86.Build.0 = Release|Win32
		{EE46B51A-0903-4148-98C1-3954F0921E3F}.Debug|Any CPU.ActiveCfg = Debug|Any CPU
		{EE46B51A-0903-4148-98C1-3954F0921E3F}.Debug|Any CPU.Build.0 = Debug|Any CPU
		{EE46B51A-0903-4148-98C1-3954F0921E3F}.Debug|x64.ActiveCfg = Debug|Any CPU
		{EE46B51A-0903-4148-98C1-3954F0921E3F}.Debug|x64.Build.0 = Debug|Any CPU
		{EE46B51A-0903-4148-98C1-3954F0921E3F}.Debug|x86.ActiveCfg = Debug|Any CPU
		{EE46B51A-0903-4148-98C1-3954F0921E3F}.Debug|x86.Build.0 = Debug|Any CPU
		{EE46B51A-0903-4148-98C1-3954F0921E3F}.Release|Any CPU.ActiveCfg = Release|Any CPU
		{EE46B51A-0903-4148-98C1-3954F0921E3F}.Release|Any CPU.Build.0 = Release|Any CPU
		{EE46B51A-0903-4148-98C1-3954F0921E3F}.Release|x64.ActiveCfg = Release|Any CPU
		{EE46B51A-0903-4148-98C1-3954F0921E3F}.Release|x64.Build.0 = Release|Any CPU
		{EE46B51A-0903-4148-98C1-3954F0921E3F}.Release|x86.ActiveCfg = Release|Any CPU
		{EE46B51A-0903-4148-98C1-3954F0921E3F}.Release|x86.Build.0 = Release|Any CPU
		{3C763D2D-FB41-4180-B90E-ECA413C86FB6}.Debug|Any CPU.ActiveCfg = Debug|Any CPU
		{3C763D2D-FB41-4180-B90E-ECA413C86FB6}.Debug|Any CPU.Build.0 = Debug|Any CPU
		{3C763D2D-FB41-4180-B90E-ECA413C86FB6}.Debug|x64.ActiveCfg = Debug|Any CPU
		{3C763D2D-FB41-4180-B90E-ECA413C86FB6}.Debug|x64.Build.0 = Debug|Any CPU
		{3C763D2D-FB41-4180-B90E-ECA413C86FB6}.Debug|x86.ActiveCfg = Debug|Any CPU
		{3C763D2D-FB41-4180-B90E-ECA413C86FB6}.Debug|x86.Build.0 = Debug|Any CPU
		{3C763D2D-FB41-4180-B90E-ECA413C86FB6}.Release|Any CPU.ActiveCfg = Release|Any CPU
		{3C763D2D-FB41-4180-B90E-ECA413C86FB6}.Release|Any CPU.Build.0 = Release|Any CPU
		{3C763D2D-FB41-4180-B90E-ECA413C86FB6}.Release|x64.ActiveCfg = Release|Any CPU
		{3C763D2D-FB41-4180-B90E-ECA413C86FB6}.Release|x64.Build.0 = Release|Any CPU
		{3C763D2D-FB41-4180-B90E-ECA413C86FB6}.Release|x86.ActiveCfg = Release|Any CPU
		{3C763D2D-FB41-4180-B90E-ECA413C86FB6}.Release|x86.Build.0 = Release|Any CPU
		{3CD72DB6-C618-4315-A295-EAE0B1D0019B}.Debug|Any CPU.ActiveCfg = Debug|Any CPU
		{3CD72DB6-C618-4315-A295-EAE0B1D0019B}.Debug|Any CPU.Build.0 = Debug|Any CPU
		{3CD72DB6-C618-4315-A295-EAE0B1D0019B}.Debug|x64.ActiveCfg = Debug|Any CPU
		{3CD72DB6-C618-4315-A295-EAE0B1D0019B}.Debug|x64.Build.0 = Debug|Any CPU
		{3CD72DB6-C618-4315-A295-EAE0B1D0019B}.Debug|x86.ActiveCfg = Debug|Any CPU
		{3CD72DB6-C618-4315-A295-EAE0B1D0019B}.Debug|x86.Build.0 = Debug|Any CPU
		{3CD72DB6-C618-4315-A295-EAE0B1D0019B}.Release|Any CPU.ActiveCfg = Release|Any CPU
		{3CD72DB6-C618-4315-A295-EAE0B1D0019B}.Release|Any CPU.Build.0 = Release|Any CPU
		{3CD72DB6-C618-4315-A295-EAE0B1D0019B}.Release|x64.ActiveCfg = Release|Any CPU
		{3CD72DB6-C618-4315-A295-EAE0B1D0019B}.Release|x64.Build.0 = Release|Any CPU
		{3CD72DB6-C618-4315-A295-EAE0B1D0019B}.Release|x86.ActiveCfg = Release|Any CPU
		{3CD72DB6-C618-4315-A295-EAE0B1D0019B}.Release|x86.Build.0 = Release|Any CPU
		{FE5B2B35-2F24-4386-9AE5-9EDAF24D4B5A}.Debug|Any CPU.ActiveCfg = Debug|Any CPU
		{FE5B2B35-2F24-4386-9AE5-9EDAF24D4B5A}.Debug|Any CPU.Build.0 = Debug|Any CPU
		{FE5B2B35-2F24-4386-9AE5-9EDAF24D4B5A}.Debug|x64.ActiveCfg = Debug|Any CPU
		{FE5B2B35-2F24-4386-9AE5-9EDAF24D4B5A}.Debug|x64.Build.0 = Debug|Any CPU
		{FE5B2B35-2F24-4386-9AE5-9EDAF24D4B5A}.Debug|x86.ActiveCfg = Debug|Any CPU
		{FE5B2B35-2F24-4386-9AE5-9EDAF24D4B5A}.Debug|x86.Build.0 = Debug|Any CPU
		{FE5B2B35-2F24-4386-9AE5-9EDAF24D4B5A}.Release|Any CPU.ActiveCfg = Release|Any CPU
		{FE5B2B35-2F24-4386-9AE5-9EDAF24D4B5A}.Release|Any CPU.Build.0 = Release|Any CPU
		{FE5B2B35-2F24-4386-9AE5-9EDAF24D4B5A}.Release|x64.ActiveCfg = Release|Any CPU
		{FE5B2B35-2F24-4386-9AE5-9EDAF24D4B5A}.Release|x64.Build.0 = Release|Any CPU
		{FE5B2B35-2F24-4386-9AE5-9EDAF24D4B5A}.Release|x86.ActiveCfg = Release|Any CPU
		{FE5B2B35-2F24-4386-9AE5-9EDAF24D4B5A}.Release|x86.Build.0 = Release|Any CPU
		{C880A9F0-2737-4EBA-BFC7-C1AE62E3A1E8}.Debug|Any CPU.ActiveCfg = Debug|Any CPU
		{C880A9F0-2737-4EBA-BFC7-C1AE62E3A1E8}.Debug|Any CPU.Build.0 = Debug|Any CPU
		{C880A9F0-2737-4EBA-BFC7-C1AE62E3A1E8}.Debug|x64.ActiveCfg = Debug|Any CPU
		{C880A9F0-2737-4EBA-BFC7-C1AE62E3A1E8}.Debug|x64.Build.0 = Debug|Any CPU
		{C880A9F0-2737-4EBA-BFC7-C1AE62E3A1E8}.Debug|x86.ActiveCfg = Debug|Any CPU
		{C880A9F0-2737-4EBA-BFC7-C1AE62E3A1E8}.Debug|x86.Build.0 = Debug|Any CPU
		{C880A9F0-2737-4EBA-BFC7-C1AE62E3A1E8}.Release|Any CPU.ActiveCfg = Release|Any CPU
		{C880A9F0-2737-4EBA-BFC7-C1AE62E3A1E8}.Release|Any CPU.Build.0 = Release|Any CPU
		{C880A9F0-2737-4EBA-BFC7-C1AE62E3A1E8}.Release|x64.ActiveCfg = Release|Any CPU
		{C880A9F0-2737-4EBA-BFC7-C1AE62E3A1E8}.Release|x64.Build.0 = Release|Any CPU
		{C880A9F0-2737-4EBA-BFC7-C1AE62E3A1E8}.Release|x86.ActiveCfg = Release|Any CPU
		{C880A9F0-2737-4EBA-BFC7-C1AE62E3A1E8}.Release|x86.Build.0 = Release|Any CPU
		{786BD762-CD66-4880-9BE0-FCAC049DB7E9}.Debug|Any CPU.ActiveCfg = Debug|Any CPU
		{786BD762-CD66-4880-9BE0-FCAC049DB7E9}.Debug|Any CPU.Build.0 = Debug|Any CPU
		{786BD762-CD66-4880-9BE0-FCAC049DB7E9}.Debug|Any CPU.Deploy.0 = Debug|Any CPU
		{786BD762-CD66-4880-9BE0-FCAC049DB7E9}.Debug|x64.ActiveCfg = Debug|Any CPU
		{786BD762-CD66-4880-9BE0-FCAC049DB7E9}.Debug|x64.Build.0 = Debug|Any CPU
		{786BD762-CD66-4880-9BE0-FCAC049DB7E9}.Debug|x64.Deploy.0 = Debug|Any CPU
		{786BD762-CD66-4880-9BE0-FCAC049DB7E9}.Debug|x86.ActiveCfg = Debug|Any CPU
		{786BD762-CD66-4880-9BE0-FCAC049DB7E9}.Debug|x86.Build.0 = Debug|Any CPU
		{786BD762-CD66-4880-9BE0-FCAC049DB7E9}.Debug|x86.Deploy.0 = Debug|Any CPU
		{786BD762-CD66-4880-9BE0-FCAC049DB7E9}.Release|Any CPU.ActiveCfg = Release|Any CPU
		{786BD762-CD66-4880-9BE0-FCAC049DB7E9}.Release|Any CPU.Build.0 = Release|Any CPU
		{786BD762-CD66-4880-9BE0-FCAC049DB7E9}.Release|Any CPU.Deploy.0 = Release|Any CPU
		{786BD762-CD66-4880-9BE0-FCAC049DB7E9}.Release|x64.ActiveCfg = Release|Any CPU
		{786BD762-CD66-4880-9BE0-FCAC049DB7E9}.Release|x64.Build.0 = Release|Any CPU
		{786BD762-CD66-4880-9BE0-FCAC049DB7E9}.Release|x64.Deploy.0 = Release|Any CPU
		{786BD762-CD66-4880-9BE0-FCAC049DB7E9}.Release|x86.ActiveCfg = Release|Any CPU
		{786BD762-CD66-4880-9BE0-FCAC049DB7E9}.Release|x86.Build.0 = Release|Any CPU
		{786BD762-CD66-4880-9BE0-FCAC049DB7E9}.Release|x86.Deploy.0 = Release|Any CPU
		{4F7AA2A5-95C6-45A4-9715-0A6F9CDA09AC}.Debug|Any CPU.ActiveCfg = Debug|Any CPU
		{4F7AA2A5-95C6-45A4-9715-0A6F9CDA09AC}.Debug|Any CPU.Build.0 = Debug|Any CPU
		{4F7AA2A5-95C6-45A4-9715-0A6F9CDA09AC}.Debug|x64.ActiveCfg = Debug|Any CPU
		{4F7AA2A5-95C6-45A4-9715-0A6F9CDA09AC}.Debug|x64.Build.0 = Debug|Any CPU
		{4F7AA2A5-95C6-45A4-9715-0A6F9CDA09AC}.Debug|x86.ActiveCfg = Debug|Any CPU
		{4F7AA2A5-95C6-45A4-9715-0A6F9CDA09AC}.Debug|x86.Build.0 = Debug|Any CPU
		{4F7AA2A5-95C6-45A4-9715-0A6F9CDA09AC}.Release|Any CPU.ActiveCfg = Release|Any CPU
		{4F7AA2A5-95C6-45A4-9715-0A6F9CDA09AC}.Release|Any CPU.Build.0 = Release|Any CPU
		{4F7AA2A5-95C6-45A4-9715-0A6F9CDA09AC}.Release|x64.ActiveCfg = Release|Any CPU
		{4F7AA2A5-95C6-45A4-9715-0A6F9CDA09AC}.Release|x64.Build.0 = Release|Any CPU
		{4F7AA2A5-95C6-45A4-9715-0A6F9CDA09AC}.Release|x86.ActiveCfg = Release|Any CPU
		{4F7AA2A5-95C6-45A4-9715-0A6F9CDA09AC}.Release|x86.Build.0 = Release|Any CPU
		{3ED048FD-9046-44B0-8C1E-550B12168B28}.Debug|Any CPU.ActiveCfg = Debug|Any CPU
		{3ED048FD-9046-44B0-8C1E-550B12168B28}.Debug|Any CPU.Build.0 = Debug|Any CPU
		{3ED048FD-9046-44B0-8C1E-550B12168B28}.Debug|x64.ActiveCfg = Debug|Any CPU
		{3ED048FD-9046-44B0-8C1E-550B12168B28}.Debug|x64.Build.0 = Debug|Any CPU
		{3ED048FD-9046-44B0-8C1E-550B12168B28}.Debug|x86.ActiveCfg = Debug|Any CPU
		{3ED048FD-9046-44B0-8C1E-550B12168B28}.Debug|x86.Build.0 = Debug|Any CPU
		{3ED048FD-9046-44B0-8C1E-550B12168B28}.Release|Any CPU.ActiveCfg = Release|Any CPU
		{3ED048FD-9046-44B0-8C1E-550B12168B28}.Release|Any CPU.Build.0 = Release|Any CPU
		{3ED048FD-9046-44B0-8C1E-550B12168B28}.Release|x64.ActiveCfg = Release|Any CPU
		{3ED048FD-9046-44B0-8C1E-550B12168B28}.Release|x64.Build.0 = Release|Any CPU
		{3ED048FD-9046-44B0-8C1E-550B12168B28}.Release|x86.ActiveCfg = Release|Any CPU
		{3ED048FD-9046-44B0-8C1E-550B12168B28}.Release|x86.Build.0 = Release|Any CPU
		{8AC6EFF3-8C97-49EB-890D-F4D5AF6F3B70}.Debug|Any CPU.ActiveCfg = Debug|Any CPU
		{8AC6EFF3-8C97-49EB-890D-F4D5AF6F3B70}.Debug|Any CPU.Build.0 = Debug|Any CPU
		{8AC6EFF3-8C97-49EB-890D-F4D5AF6F3B70}.Debug|x64.ActiveCfg = Debug|Any CPU
		{8AC6EFF3-8C97-49EB-890D-F4D5AF6F3B70}.Debug|x64.Build.0 = Debug|Any CPU
		{8AC6EFF3-8C97-49EB-890D-F4D5AF6F3B70}.Debug|x86.ActiveCfg = Debug|Any CPU
		{8AC6EFF3-8C97-49EB-890D-F4D5AF6F3B70}.Debug|x86.Build.0 = Debug|Any CPU
		{8AC6EFF3-8C97-49EB-890D-F4D5AF6F3B70}.Release|Any CPU.ActiveCfg = Release|Any CPU
		{8AC6EFF3-8C97-49EB-890D-F4D5AF6F3B70}.Release|Any CPU.Build.0 = Release|Any CPU
		{8AC6EFF3-8C97-49EB-890D-F4D5AF6F3B70}.Release|x64.ActiveCfg = Release|Any CPU
		{8AC6EFF3-8C97-49EB-890D-F4D5AF6F3B70}.Release|x64.Build.0 = Release|Any CPU
		{8AC6EFF3-8C97-49EB-890D-F4D5AF6F3B70}.Release|x86.ActiveCfg = Release|Any CPU
		{8AC6EFF3-8C97-49EB-890D-F4D5AF6F3B70}.Release|x86.Build.0 = Release|Any CPU
		{03CB6891-EF65-4575-A69C-2669C33D0E92}.Debug|Any CPU.ActiveCfg = Debug|Any CPU
		{03CB6891-EF65-4575-A69C-2669C33D0E92}.Debug|Any CPU.Build.0 = Debug|Any CPU
		{03CB6891-EF65-4575-A69C-2669C33D0E92}.Debug|x64.ActiveCfg = Debug|Any CPU
		{03CB6891-EF65-4575-A69C-2669C33D0E92}.Debug|x64.Build.0 = Debug|Any CPU
		{03CB6891-EF65-4575-A69C-2669C33D0E92}.Debug|x86.ActiveCfg = Debug|Any CPU
		{03CB6891-EF65-4575-A69C-2669C33D0E92}.Debug|x86.Build.0 = Debug|Any CPU
		{03CB6891-EF65-4575-A69C-2669C33D0E92}.Release|Any CPU.ActiveCfg = Release|Any CPU
		{03CB6891-EF65-4575-A69C-2669C33D0E92}.Release|Any CPU.Build.0 = Release|Any CPU
		{03CB6891-EF65-4575-A69C-2669C33D0E92}.Release|x64.ActiveCfg = Release|Any CPU
		{03CB6891-EF65-4575-A69C-2669C33D0E92}.Release|x64.Build.0 = Release|Any CPU
		{03CB6891-EF65-4575-A69C-2669C33D0E92}.Release|x86.ActiveCfg = Release|Any CPU
		{03CB6891-EF65-4575-A69C-2669C33D0E92}.Release|x86.Build.0 = Release|Any CPU
	EndGlobalSection
	GlobalSection(SolutionProperties) = preSolution
		HideSolutionNode = FALSE
	EndGlobalSection
	GlobalSection(ExtensibilityGlobals) = postSolution
		SolutionGuid = {6AA10F69-0805-4E23-8FF7-28A6423AF140}
	EndGlobalSection
EndGlobal
