
Microsoft Visual Studio Solution File, Format Version 12.00
# Visual Studio Version 17
VisualStudioVersion = 17.6.33801.468
MinimumVisualStudioVersion = 10.0.40219.1
Project("{9A19103F-16F7-4668-BE54-9A1E7A4F7556}") = "PFDB_SS", "PFDB_SS\PFDB_SS.csproj", "{9E0E1908-2DF9-41AF-BAE4-71E933FD80CD}"
EndProject
Project("{9A19103F-16F7-4668-BE54-9A1E7A4F7556}") = "WeaponClasses", "WeaponClasses\WeaponClasses.csproj", "{601C6893-5492-4F99-925C-950EB6D94121}"
EndProject
Project("{888888A0-9F3D-457C-B088-3A5042F75D52}") = "ImageParserForAPI", "ImageParserForAPI\ImageParserForAPI.pyproj", "{2D7FAD35-6FD6-4742-9D78-05964EFD0A29}"
EndProject
Project("{9A19103F-16F7-4668-BE54-9A1E7A4F7556}") = "PyExec", "PyExec\PyExec.csproj", "{561D1C48-FC84-4BC7-B495-06816180561B}"
EndProject
Project("{9A19103F-16F7-4668-BE54-9A1E7A4F7556}") = "FileParse", "fileparse\FileParse.csproj", "{1FDCE27F-4876-40F8-98F3-77BA9B21C7BE}"
EndProject
Project("{2150E333-8FDC-42A3-9474-1A3956D46DE8}") = "Solution Items", "Solution Items", "{091662A9-DEA1-43A5-A3B7-AFEE38FE4AD9}"
	ProjectSection(SolutionItems) = preProject
		.editorconfig = .editorconfig
	EndProjectSection
EndProject
Project("{9A19103F-16F7-4668-BE54-9A1E7A4F7556}") = "legacycode", "legacycode\legacycode.csproj", "{E98D2D51-71B7-48B8-8F41-CCE32E2788EA}"
	ProjectSection(ProjectDependencies) = postProject
		{1FDCE27F-4876-40F8-98F3-77BA9B21C7BE} = {1FDCE27F-4876-40F8-98F3-77BA9B21C7BE}
	EndProjectSection
EndProject
Project("{9A19103F-16F7-4668-BE54-9A1E7A4F7556}") = "FileIO", "fileread\FileIO.csproj", "{90A08430-3034-483C-966C-44B531317C1A}"
EndProject
Project("{9A19103F-16F7-4668-BE54-9A1E7A4F7556}") = "P_invokeWrapper", "p_invokewrapper\P_invokeWrapper.csproj", "{60BFF1DD-807A-42B5-A90D-901BEAABE61F}"
	ProjectSection(ProjectDependencies) = postProject
		{EDC808D7-D6E3-4AEF-B207-896E6E914DED} = {EDC808D7-D6E3-4AEF-B207-896E6E914DED}
	EndProjectSection
EndProject
Project("{9A19103F-16F7-4668-BE54-9A1E7A4F7556}") = "StatisticProofread", "StatisticProofread\StatisticProofread.csproj", "{4F7ED044-16AE-463F-A17F-7C5DBFE17331}"
EndProject
Project("{8BC9CEB8-8B4A-11D0-8D11-00A0C91BC942}") = "Calculator", "Calculator\Calculator.vcxproj", "{EDC808D7-D6E3-4AEF-B207-896E6E914DED}"
EndProject
Project("{9A19103F-16F7-4668-BE54-9A1E7A4F7556}") = "temprenamer", "temprenamer\temprenamer.csproj", "{EE46B51A-0903-4148-98C1-3954F0921E3F}"
EndProject
Project("{FAE04EC0-301F-11D3-BF4B-00C04F79EFBC}") = "ComponentTester", "ComponentTester\ComponentTester.csproj", "{3C763D2D-FB41-4180-B90E-ECA413C86FB6}"
	ProjectSection(ProjectDependencies) = postProject
		{1FDCE27F-4876-40F8-98F3-77BA9B21C7BE} = {1FDCE27F-4876-40F8-98F3-77BA9B21C7BE}
		{4F7ED044-16AE-463F-A17F-7C5DBFE17331} = {4F7ED044-16AE-463F-A17F-7C5DBFE17331}
		{561D1C48-FC84-4BC7-B495-06816180561B} = {561D1C48-FC84-4BC7-B495-06816180561B}
		{601C6893-5492-4F99-925C-950EB6D94121} = {601C6893-5492-4F99-925C-950EB6D94121}
		{60BFF1DD-807A-42B5-A90D-901BEAABE61F} = {60BFF1DD-807A-42B5-A90D-901BEAABE61F}
		{90A08430-3034-483C-966C-44B531317C1A} = {90A08430-3034-483C-966C-44B531317C1A}
	EndProjectSection
EndProject
Global
	GlobalSection(SolutionConfigurationPlatforms) = preSolution
		Debug|Any CPU = Debug|Any CPU
		Debug|x64 = Debug|x64
		Debug|x86 = Debug|x86
		Release|Any CPU = Release|Any CPU
		Release|x64 = Release|x64
		Release|x86 = Release|x86
	EndGlobalSection
	GlobalSection(ProjectConfigurationPlatforms) = postSolution
		{9E0E1908-2DF9-41AF-BAE4-71E933FD80CD}.Debug|Any CPU.ActiveCfg = Debug|Any CPU
		{9E0E1908-2DF9-41AF-BAE4-71E933FD80CD}.Debug|Any CPU.Build.0 = Debug|Any CPU
		{9E0E1908-2DF9-41AF-BAE4-71E933FD80CD}.Debug|x64.ActiveCfg = Debug|Any CPU
		{9E0E1908-2DF9-41AF-BAE4-71E933FD80CD}.Debug|x64.Build.0 = Debug|Any CPU
		{9E0E1908-2DF9-41AF-BAE4-71E933FD80CD}.Debug|x86.ActiveCfg = Debug|Any CPU
		{9E0E1908-2DF9-41AF-BAE4-71E933FD80CD}.Debug|x86.Build.0 = Debug|Any CPU
		{9E0E1908-2DF9-41AF-BAE4-71E933FD80CD}.Release|Any CPU.ActiveCfg = Release|Any CPU
		{9E0E1908-2DF9-41AF-BAE4-71E933FD80CD}.Release|Any CPU.Build.0 = Release|Any CPU
		{9E0E1908-2DF9-41AF-BAE4-71E933FD80CD}.Release|x64.ActiveCfg = Release|Any CPU
		{9E0E1908-2DF9-41AF-BAE4-71E933FD80CD}.Release|x64.Build.0 = Release|Any CPU
		{9E0E1908-2DF9-41AF-BAE4-71E933FD80CD}.Release|x86.ActiveCfg = Release|Any CPU
		{9E0E1908-2DF9-41AF-BAE4-71E933FD80CD}.Release|x86.Build.0 = Release|Any CPU
		{601C6893-5492-4F99-925C-950EB6D94121}.Debug|Any CPU.ActiveCfg = Debug|Any CPU
		{601C6893-5492-4F99-925C-950EB6D94121}.Debug|Any CPU.Build.0 = Debug|Any CPU
		{601C6893-5492-4F99-925C-950EB6D94121}.Debug|x64.ActiveCfg = Debug|Any CPU
		{601C6893-5492-4F99-925C-950EB6D94121}.Debug|x64.Build.0 = Debug|Any CPU
		{601C6893-5492-4F99-925C-950EB6D94121}.Debug|x86.ActiveCfg = Debug|Any CPU
		{601C6893-5492-4F99-925C-950EB6D94121}.Debug|x86.Build.0 = Debug|Any CPU
		{601C6893-5492-4F99-925C-950EB6D94121}.Release|Any CPU.ActiveCfg = Release|Any CPU
		{601C6893-5492-4F99-925C-950EB6D94121}.Release|Any CPU.Build.0 = Release|Any CPU
		{601C6893-5492-4F99-925C-950EB6D94121}.Release|x64.ActiveCfg = Release|Any CPU
		{601C6893-5492-4F99-925C-950EB6D94121}.Release|x64.Build.0 = Release|Any CPU
		{601C6893-5492-4F99-925C-950EB6D94121}.Release|x86.ActiveCfg = Release|Any CPU
		{601C6893-5492-4F99-925C-950EB6D94121}.Release|x86.Build.0 = Release|Any CPU
		{2D7FAD35-6FD6-4742-9D78-05964EFD0A29}.Debug|Any CPU.ActiveCfg = Debug|Any CPU
		{2D7FAD35-6FD6-4742-9D78-05964EFD0A29}.Debug|x64.ActiveCfg = Debug|Any CPU
		{2D7FAD35-6FD6-4742-9D78-05964EFD0A29}.Debug|x86.ActiveCfg = Debug|Any CPU
		{2D7FAD35-6FD6-4742-9D78-05964EFD0A29}.Release|Any CPU.ActiveCfg = Release|Any CPU
		{2D7FAD35-6FD6-4742-9D78-05964EFD0A29}.Release|x64.ActiveCfg = Release|Any CPU
		{2D7FAD35-6FD6-4742-9D78-05964EFD0A29}.Release|x86.ActiveCfg = Release|Any CPU
		{561D1C48-FC84-4BC7-B495-06816180561B}.Debug|Any CPU.ActiveCfg = Debug|Any CPU
		{561D1C48-FC84-4BC7-B495-06816180561B}.Debug|Any CPU.Build.0 = Debug|Any CPU
		{561D1C48-FC84-4BC7-B495-06816180561B}.Debug|x64.ActiveCfg = Debug|Any CPU
		{561D1C48-FC84-4BC7-B495-06816180561B}.Debug|x64.Build.0 = Debug|Any CPU
		{561D1C48-FC84-4BC7-B495-06816180561B}.Debug|x86.ActiveCfg = Debug|Any CPU
		{561D1C48-FC84-4BC7-B495-06816180561B}.Debug|x86.Build.0 = Debug|Any CPU
		{561D1C48-FC84-4BC7-B495-06816180561B}.Release|Any CPU.ActiveCfg = Release|Any CPU
		{561D1C48-FC84-4BC7-B495-06816180561B}.Release|Any CPU.Build.0 = Release|Any CPU
		{561D1C48-FC84-4BC7-B495-06816180561B}.Release|x64.ActiveCfg = Release|Any CPU
		{561D1C48-FC84-4BC7-B495-06816180561B}.Release|x64.Build.0 = Release|Any CPU
		{561D1C48-FC84-4BC7-B495-06816180561B}.Release|x86.ActiveCfg = Release|Any CPU
		{561D1C48-FC84-4BC7-B495-06816180561B}.Release|x86.Build.0 = Release|Any CPU
		{1FDCE27F-4876-40F8-98F3-77BA9B21C7BE}.Debug|Any CPU.ActiveCfg = Debug|Any CPU
		{1FDCE27F-4876-40F8-98F3-77BA9B21C7BE}.Debug|Any CPU.Build.0 = Debug|Any CPU
		{1FDCE27F-4876-40F8-98F3-77BA9B21C7BE}.Debug|x64.ActiveCfg = Debug|Any CPU
		{1FDCE27F-4876-40F8-98F3-77BA9B21C7BE}.Debug|x64.Build.0 = Debug|Any CPU
		{1FDCE27F-4876-40F8-98F3-77BA9B21C7BE}.Debug|x86.ActiveCfg = Debug|Any CPU
		{1FDCE27F-4876-40F8-98F3-77BA9B21C7BE}.Debug|x86.Build.0 = Debug|Any CPU
		{1FDCE27F-4876-40F8-98F3-77BA9B21C7BE}.Release|Any CPU.ActiveCfg = Release|Any CPU
		{1FDCE27F-4876-40F8-98F3-77BA9B21C7BE}.Release|Any CPU.Build.0 = Release|Any CPU
		{1FDCE27F-4876-40F8-98F3-77BA9B21C7BE}.Release|x64.ActiveCfg = Release|Any CPU
		{1FDCE27F-4876-40F8-98F3-77BA9B21C7BE}.Release|x64.Build.0 = Release|Any CPU
		{1FDCE27F-4876-40F8-98F3-77BA9B21C7BE}.Release|x86.ActiveCfg = Release|Any CPU
		{1FDCE27F-4876-40F8-98F3-77BA9B21C7BE}.Release|x86.Build.0 = Release|Any CPU
		{E98D2D51-71B7-48B8-8F41-CCE32E2788EA}.Debug|Any CPU.ActiveCfg = Debug|Any CPU
		{E98D2D51-71B7-48B8-8F41-CCE32E2788EA}.Debug|Any CPU.Build.0 = Debug|Any CPU
		{E98D2D51-71B7-48B8-8F41-CCE32E2788EA}.Debug|x64.ActiveCfg = Debug|Any CPU
		{E98D2D51-71B7-48B8-8F41-CCE32E2788EA}.Debug|x64.Build.0 = Debug|Any CPU
		{E98D2D51-71B7-48B8-8F41-CCE32E2788EA}.Debug|x86.ActiveCfg = Debug|Any CPU
		{E98D2D51-71B7-48B8-8F41-CCE32E2788EA}.Debug|x86.Build.0 = Debug|Any CPU
		{E98D2D51-71B7-48B8-8F41-CCE32E2788EA}.Release|Any CPU.ActiveCfg = Release|Any CPU
		{E98D2D51-71B7-48B8-8F41-CCE32E2788EA}.Release|Any CPU.Build.0 = Release|Any CPU
		{E98D2D51-71B7-48B8-8F41-CCE32E2788EA}.Release|x64.ActiveCfg = Release|Any CPU
		{E98D2D51-71B7-48B8-8F41-CCE32E2788EA}.Release|x64.Build.0 = Release|Any CPU
		{E98D2D51-71B7-48B8-8F41-CCE32E2788EA}.Release|x86.ActiveCfg = Release|Any CPU
		{E98D2D51-71B7-48B8-8F41-CCE32E2788EA}.Release|x86.Build.0 = Release|Any CPU
		{90A08430-3034-483C-966C-44B531317C1A}.Debug|Any CPU.ActiveCfg = Debug|Any CPU
		{90A08430-3034-483C-966C-44B531317C1A}.Debug|Any CPU.Build.0 = Debug|Any CPU
		{90A08430-3034-483C-966C-44B531317C1A}.Debug|x64.ActiveCfg = Debug|x64
		{90A08430-3034-483C-966C-44B531317C1A}.Debug|x64.Build.0 = Debug|x64
		{90A08430-3034-483C-966C-44B531317C1A}.Debug|x86.ActiveCfg = Debug|Any CPU
		{90A08430-3034-483C-966C-44B531317C1A}.Debug|x86.Build.0 = Debug|Any CPU
		{90A08430-3034-483C-966C-44B531317C1A}.Release|Any CPU.ActiveCfg = Release|Any CPU
		{90A08430-3034-483C-966C-44B531317C1A}.Release|Any CPU.Build.0 = Release|Any CPU
		{90A08430-3034-483C-966C-44B531317C1A}.Release|x64.ActiveCfg = Release|x64
		{90A08430-3034-483C-966C-44B531317C1A}.Release|x64.Build.0 = Release|x64
		{90A08430-3034-483C-966C-44B531317C1A}.Release|x86.ActiveCfg = Release|Any CPU
		{90A08430-3034-483C-966C-44B531317C1A}.Release|x86.Build.0 = Release|Any CPU
		{60BFF1DD-807A-42B5-A90D-901BEAABE61F}.Debug|Any CPU.ActiveCfg = Debug|Any CPU
		{60BFF1DD-807A-42B5-A90D-901BEAABE61F}.Debug|Any CPU.Build.0 = Debug|Any CPU
		{60BFF1DD-807A-42B5-A90D-901BEAABE61F}.Debug|x64.ActiveCfg = Debug|Any CPU
		{60BFF1DD-807A-42B5-A90D-901BEAABE61F}.Debug|x64.Build.0 = Debug|Any CPU
		{60BFF1DD-807A-42B5-A90D-901BEAABE61F}.Debug|x86.ActiveCfg = Debug|Any CPU
		{60BFF1DD-807A-42B5-A90D-901BEAABE61F}.Debug|x86.Build.0 = Debug|Any CPU
		{60BFF1DD-807A-42B5-A90D-901BEAABE61F}.Release|Any CPU.ActiveCfg = Release|Any CPU
		{60BFF1DD-807A-42B5-A90D-901BEAABE61F}.Release|Any CPU.Build.0 = Release|Any CPU
		{60BFF1DD-807A-42B5-A90D-901BEAABE61F}.Release|x64.ActiveCfg = Release|Any CPU
		{60BFF1DD-807A-42B5-A90D-901BEAABE61F}.Release|x64.Build.0 = Release|Any CPU
		{60BFF1DD-807A-42B5-A90D-901BEAABE61F}.Release|x86.ActiveCfg = Release|Any CPU
		{60BFF1DD-807A-42B5-A90D-901BEAABE61F}.Release|x86.Build.0 = Release|Any CPU
		{4F7ED044-16AE-463F-A17F-7C5DBFE17331}.Debug|Any CPU.ActiveCfg = Debug|Any CPU
		{4F7ED044-16AE-463F-A17F-7C5DBFE17331}.Debug|Any CPU.Build.0 = Debug|Any CPU
		{4F7ED044-16AE-463F-A17F-7C5DBFE17331}.Debug|x64.ActiveCfg = Debug|Any CPU
		{4F7ED044-16AE-463F-A17F-7C5DBFE17331}.Debug|x64.Build.0 = Debug|Any CPU
		{4F7ED044-16AE-463F-A17F-7C5DBFE17331}.Debug|x86.ActiveCfg = Debug|Any CPU
		{4F7ED044-16AE-463F-A17F-7C5DBFE17331}.Debug|x86.Build.0 = Debug|Any CPU
		{4F7ED044-16AE-463F-A17F-7C5DBFE17331}.Release|Any CPU.ActiveCfg = Release|Any CPU
		{4F7ED044-16AE-463F-A17F-7C5DBFE17331}.Release|Any CPU.Build.0 = Release|Any CPU
		{4F7ED044-16AE-463F-A17F-7C5DBFE17331}.Release|x64.ActiveCfg = Release|Any CPU
		{4F7ED044-16AE-463F-A17F-7C5DBFE17331}.Release|x64.Build.0 = Release|Any CPU
		{4F7ED044-16AE-463F-A17F-7C5DBFE17331}.Release|x86.ActiveCfg = Release|Any CPU
		{4F7ED044-16AE-463F-A17F-7C5DBFE17331}.Release|x86.Build.0 = Release|Any CPU
		{EDC808D7-D6E3-4AEF-B207-896E6E914DED}.Debug|Any CPU.ActiveCfg = Debug|x64
		{EDC808D7-D6E3-4AEF-B207-896E6E914DED}.Debug|Any CPU.Build.0 = Debug|x64
		{EDC808D7-D6E3-4AEF-B207-896E6E914DED}.Debug|x64.ActiveCfg = Debug|x64
		{EDC808D7-D6E3-4AEF-B207-896E6E914DED}.Debug|x64.Build.0 = Debug|x64
		{EDC808D7-D6E3-4AEF-B207-896E6E914DED}.Debug|x86.ActiveCfg = Debug|Win32
		{EDC808D7-D6E3-4AEF-B207-896E6E914DED}.Debug|x86.Build.0 = Debug|Win32
		{EDC808D7-D6E3-4AEF-B207-896E6E914DED}.Release|Any CPU.ActiveCfg = Release|x64
		{EDC808D7-D6E3-4AEF-B207-896E6E914DED}.Release|Any CPU.Build.0 = Release|x64
		{EDC808D7-D6E3-4AEF-B207-896E6E914DED}.Release|x64.ActiveCfg = Release|x64
		{EDC808D7-D6E3-4AEF-B207-896E6E914DED}.Release|x64.Build.0 = Release|x64
		{EDC808D7-D6E3-4AEF-B207-896E6E914DED}.Release|x86.ActiveCfg = Release|Win32
		{EDC808D7-D6E3-4AEF-B207-896E6E914DED}.Release|x86.Build.0 = Release|Win32
		{EE46B51A-0903-4148-98C1-3954F0921E3F}.Debug|Any CPU.ActiveCfg = Debug|Any CPU
		{EE46B51A-0903-4148-98C1-3954F0921E3F}.Debug|Any CPU.Build.0 = Debug|Any CPU
		{EE46B51A-0903-4148-98C1-3954F0921E3F}.Debug|x64.ActiveCfg = Debug|Any CPU
		{EE46B51A-0903-4148-98C1-3954F0921E3F}.Debug|x64.Build.0 = Debug|Any CPU
		{EE46B51A-0903-4148-98C1-3954F0921E3F}.Debug|x86.ActiveCfg = Debug|Any CPU
		{EE46B51A-0903-4148-98C1-3954F0921E3F}.Debug|x86.Build.0 = Debug|Any CPU
		{EE46B51A-0903-4148-98C1-3954F0921E3F}.Release|Any CPU.ActiveCfg = Release|Any CPU
		{EE46B51A-0903-4148-98C1-3954F0921E3F}.Release|Any CPU.Build.0 = Release|Any CPU
		{EE46B51A-0903-4148-98C1-3954F0921E3F}.Release|x64.ActiveCfg = Release|Any CPU
		{EE46B51A-0903-4148-98C1-3954F0921E3F}.Release|x64.Build.0 = Release|Any CPU
		{EE46B51A-0903-4148-98C1-3954F0921E3F}.Release|x86.ActiveCfg = Release|Any CPU
		{EE46B51A-0903-4148-98C1-3954F0921E3F}.Release|x86.Build.0 = Release|Any CPU
		{3C763D2D-FB41-4180-B90E-ECA413C86FB6}.Debug|Any CPU.ActiveCfg = Debug|Any CPU
		{3C763D2D-FB41-4180-B90E-ECA413C86FB6}.Debug|Any CPU.Build.0 = Debug|Any CPU
		{3C763D2D-FB41-4180-B90E-ECA413C86FB6}.Debug|x64.ActiveCfg = Debug|Any CPU
		{3C763D2D-FB41-4180-B90E-ECA413C86FB6}.Debug|x64.Build.0 = Debug|Any CPU
		{3C763D2D-FB41-4180-B90E-ECA413C86FB6}.Debug|x86.ActiveCfg = Debug|Any CPU
		{3C763D2D-FB41-4180-B90E-ECA413C86FB6}.Debug|x86.Build.0 = Debug|Any CPU
		{3C763D2D-FB41-4180-B90E-ECA413C86FB6}.Release|Any CPU.ActiveCfg = Release|Any CPU
		{3C763D2D-FB41-4180-B90E-ECA413C86FB6}.Release|Any CPU.Build.0 = Release|Any CPU
		{3C763D2D-FB41-4180-B90E-ECA413C86FB6}.Release|x64.ActiveCfg = Release|Any CPU
		{3C763D2D-FB41-4180-B90E-ECA413C86FB6}.Release|x64.Build.0 = Release|Any CPU
		{3C763D2D-FB41-4180-B90E-ECA413C86FB6}.Release|x86.ActiveCfg = Release|Any CPU
		{3C763D2D-FB41-4180-B90E-ECA413C86FB6}.Release|x86.Build.0 = Release|Any CPU
	EndGlobalSection
	GlobalSection(SolutionProperties) = preSolution
		HideSolutionNode = FALSE
	EndGlobalSection
	GlobalSection(ExtensibilityGlobals) = postSolution
		SolutionGuid = {6AA10F69-0805-4E23-8FF7-28A6423AF140}
	EndGlobalSection
EndGlobal
