
Microsoft Visual Studio Solution File, Format Version 12.00
# Visual Studio Version 17
VisualStudioVersion = 17.6.33801.468
MinimumVisualStudioVersion = 10.0.40219.1
Project("{9A19103F-16F7-4668-BE54-9A1E7A4F7556}") = "PFDB_SS", "PFDB_SS\PFDB_SS.csproj", "{9E0E1908-2DF9-41AF-BAE4-71E933FD80CD}"
EndProject
Project("{9A19103F-16F7-4668-BE54-9A1E7A4F7556}") = "WeaponClasses", "ArchivedCode\WeaponClasses\WeaponClasses.csproj", "{601C6893-5492-4F99-925C-950EB6D94121}"
EndProject
Project("{888888A0-9F3D-457C-B088-3A5042F75D52}") = "ImageParserForAPI", "ImageParserForAPI\ImageParserForAPI.pyproj", "{2D7FAD35-6FD6-4742-9D78-05964EFD0A29}"
EndProject
Project("{9A19103F-16F7-4668-BE54-9A1E7A4F7556}") = "PyExec", "PyExec\PyExec.csproj", "{561D1C48-FC84-4BC7-B495-06816180561B}"
EndProject
Project("{9A19103F-16F7-4668-BE54-9A1E7A4F7556}") = "FileParse", "FileParse\FileParse.csproj", "{1FDCE27F-4876-40F8-98F3-77BA9B21C7BE}"
EndProject
Project("{2150E333-8FDC-42A3-9474-1A3956D46DE8}") = "Solution Items", "Solution Items", "{091662A9-DEA1-43A5-A3B7-AFEE38FE4AD9}"
	ProjectSection(SolutionItems) = preProject
		.editorconfig = .editorconfig
		architecture.txt = architecture.txt
		attachments.db = attachments.db
		createNewWeaponVersionsTable.sql = createNewWeaponVersionsTable.sql
		getProjectReferences.ps1 = getProjectReferences.ps1
		getTableNames.sql = getTableNames.sql
		getWeaponCount.sql = getWeaponCount.sql
		selectWeapons.sql = selectWeapons.sql
		weapon_database.db = weapon_database.db
	EndProjectSection
EndProject
Project("{9A19103F-16F7-4668-BE54-9A1E7A4F7556}") = "FileIO", "ArchivedCode\fileread\FileIO.csproj", "{90A08430-3034-483C-966C-44B531317C1A}"
EndProject
Project("{9A19103F-16F7-4668-BE54-9A1E7A4F7556}") = "P_invokeWrapper", "p_invokewrapper\P_invokeWrapper.csproj", "{60BFF1DD-807A-42B5-A90D-901BEAABE61F}"
	ProjectSection(ProjectDependencies) = postProject
		{EDC808D7-D6E3-4AEF-B207-896E6E914DED} = {EDC808D7-D6E3-4AEF-B207-896E6E914DED}
	EndProjectSection
EndProject
Project("{8BC9CEB8-8B4A-11D0-8D11-00A0C91BC942}") = "Calculator", "Calculator\Calculator.vcxproj", "{EDC808D7-D6E3-4AEF-B207-896E6E914DED}"
EndProject
Project("{9A19103F-16F7-4668-BE54-9A1E7A4F7556}") = "temprenamer", "ArchivedCode\temprenamer\temprenamer.csproj", "{EE46B51A-0903-4148-98C1-3954F0921E3F}"
EndProject
Project("{9A19103F-16F7-4668-BE54-9A1E7A4F7556}") = "ComponentTester", "ComponentTester\ComponentTester.csproj", "{3C763D2D-FB41-4180-B90E-ECA413C86FB6}"
	ProjectSection(ProjectDependencies) = postProject
		{561D1C48-FC84-4BC7-B495-06816180561B} = {561D1C48-FC84-4BC7-B495-06816180561B}
		{601C6893-5492-4F99-925C-950EB6D94121} = {601C6893-5492-4F99-925C-950EB6D94121}
		{60BFF1DD-807A-42B5-A90D-901BEAABE61F} = {60BFF1DD-807A-42B5-A90D-901BEAABE61F}
		{90A08430-3034-483C-966C-44B531317C1A} = {90A08430-3034-483C-966C-44B531317C1A}
	EndProjectSection
EndProject
Project("{9A19103F-16F7-4668-BE54-9A1E7A4F7556}") = "PFDBLogger", "Logger\PFDBLogger.csproj", "{3CD72DB6-C618-4315-A295-EAE0B1D0019B}"
EndProject
Project("{9A19103F-16F7-4668-BE54-9A1E7A4F7556}") = "WeaponUtility2", "WeaponUtility2\WeaponUtility2.csproj", "{FE5B2B35-2F24-4386-9AE5-9EDAF24D4B5A}"
EndProject
Project("{9A19103F-16F7-4668-BE54-9A1E7A4F7556}") = "Frontend.Server", "Frontend\Frontend.Server\Frontend.Server.csproj", "{C880A9F0-2737-4EBA-BFC7-C1AE62E3A1E8}"
EndProject
Project("{54A90642-561A-4BB1-A94E-469ADEE60C69}") = "frontend.client", "Frontend\frontend.client\frontend.client.esproj", "{786BD762-CD66-4880-9BE0-FCAC049DB7E9}"
EndProject
Project("{9A19103F-16F7-4668-BE54-9A1E7A4F7556}") = "Conversion", "Conversion\Conversion.csproj", "{4F7AA2A5-95C6-45A4-9715-0A6F9CDA09AC}"
EndProject
Project("{9A19103F-16F7-4668-BE54-9A1E7A4F7556}") = "SQLiteHandler", "SQLiteHandler\SQLiteHandler.csproj", "{FE8C472A-1D59-4C7A-BC15-713A759E1650}"
EndProject
Project("{9A19103F-16F7-4668-BE54-9A1E7A4F7556}") = "WeaponStructure", "WeaponStructure\WeaponStructure.csproj", "{94EC1DF6-4361-4EE6-8557-DC44BCB890F6}"
EndProject
Project("{FAE04EC0-301F-11D3-BF4B-00C04F79EFBC}") = "ManualProofread", "ManualProofread\ManualProofread.csproj", "{A1F1D163-D66B-433B-BD17-F49E96AE6F2A}"
EndProject
Project("{FAE04EC0-301F-11D3-BF4B-00C04F79EFBC}") = "StatisticStructure", "StatisticStructure\StatisticStructure.csproj", "{8D041779-A608-4F54-89D3-0098B9D49697}"
EndProject
Global
	GlobalSection(SolutionConfigurationPlatforms) = preSolution
		Debug|Any CPU = Debug|Any CPU
		Debug|x64 = Debug|x64
		Debug|x86 = Debug|x86
		Generalx64BuildDebug|Any CPU = Generalx64BuildDebug|Any CPU
		Generalx64BuildDebug|x64 = Generalx64BuildDebug|x64
		Generalx64BuildDebug|x86 = Generalx64BuildDebug|x86
		Generalx64BuildRelease|Any CPU = Generalx64BuildRelease|Any CPU
		Generalx64BuildRelease|x64 = Generalx64BuildRelease|x64
		Generalx64BuildRelease|x86 = Generalx64BuildRelease|x86
		Release|Any CPU = Release|Any CPU
		Release|x64 = Release|x64
		Release|x86 = Release|x86
	EndGlobalSection
	GlobalSection(ProjectConfigurationPlatforms) = postSolution
		{9E0E1908-2DF9-41AF-BAE4-71E933FD80CD}.Debug|Any CPU.ActiveCfg = Debug|Any CPU
		{9E0E1908-2DF9-41AF-BAE4-71E933FD80CD}.Debug|Any CPU.Build.0 = Debug|Any CPU
		{9E0E1908-2DF9-41AF-BAE4-71E933FD80CD}.Debug|x64.ActiveCfg = Debug|Any CPU
		{9E0E1908-2DF9-41AF-BAE4-71E933FD80CD}.Debug|x64.Build.0 = Debug|Any CPU
		{9E0E1908-2DF9-41AF-BAE4-71E933FD80CD}.Debug|x86.ActiveCfg = Debug|Any CPU
		{9E0E1908-2DF9-41AF-BAE4-71E933FD80CD}.Debug|x86.Build.0 = Debug|Any CPU
		{9E0E1908-2DF9-41AF-BAE4-71E933FD80CD}.Generalx64BuildDebug|Any CPU.ActiveCfg = Generalx64BuildDebug|Any CPU
		{9E0E1908-2DF9-41AF-BAE4-71E933FD80CD}.Generalx64BuildDebug|Any CPU.Build.0 = Generalx64BuildDebug|Any CPU
		{9E0E1908-2DF9-41AF-BAE4-71E933FD80CD}.Generalx64BuildDebug|x64.ActiveCfg = Generalx64BuildDebug|Any CPU
		{9E0E1908-2DF9-41AF-BAE4-71E933FD80CD}.Generalx64BuildDebug|x86.ActiveCfg = Generalx64BuildDebug|Any CPU
		{9E0E1908-2DF9-41AF-BAE4-71E933FD80CD}.Generalx64BuildDebug|x86.Build.0 = Generalx64BuildDebug|Any CPU
		{9E0E1908-2DF9-41AF-BAE4-71E933FD80CD}.Generalx64BuildRelease|Any CPU.ActiveCfg = Generalx64BuildRelease|Any CPU
		{9E0E1908-2DF9-41AF-BAE4-71E933FD80CD}.Generalx64BuildRelease|Any CPU.Build.0 = Generalx64BuildRelease|Any CPU
		{9E0E1908-2DF9-41AF-BAE4-71E933FD80CD}.Generalx64BuildRelease|x64.ActiveCfg = Generalx64BuildRelease|Any CPU
		{9E0E1908-2DF9-41AF-BAE4-71E933FD80CD}.Generalx64BuildRelease|x86.ActiveCfg = Generalx64BuildRelease|Any CPU
		{9E0E1908-2DF9-41AF-BAE4-71E933FD80CD}.Generalx64BuildRelease|x86.Build.0 = Generalx64BuildRelease|Any CPU
		{9E0E1908-2DF9-41AF-BAE4-71E933FD80CD}.Release|Any CPU.ActiveCfg = Release|Any CPU
		{9E0E1908-2DF9-41AF-BAE4-71E933FD80CD}.Release|Any CPU.Build.0 = Release|Any CPU
		{9E0E1908-2DF9-41AF-BAE4-71E933FD80CD}.Release|x64.ActiveCfg = Release|Any CPU
		{9E0E1908-2DF9-41AF-BAE4-71E933FD80CD}.Release|x64.Build.0 = Release|Any CPU
		{9E0E1908-2DF9-41AF-BAE4-71E933FD80CD}.Release|x86.ActiveCfg = Release|Any CPU
		{9E0E1908-2DF9-41AF-BAE4-71E933FD80CD}.Release|x86.Build.0 = Release|Any CPU
		{601C6893-5492-4F99-925C-950EB6D94121}.Debug|Any CPU.ActiveCfg = Debug|Any CPU
		{601C6893-5492-4F99-925C-950EB6D94121}.Debug|Any CPU.Build.0 = Debug|Any CPU
		{601C6893-5492-4F99-925C-950EB6D94121}.Debug|x64.ActiveCfg = Debug|Any CPU
		{601C6893-5492-4F99-925C-950EB6D94121}.Debug|x64.Build.0 = Debug|Any CPU
		{601C6893-5492-4F99-925C-950EB6D94121}.Debug|x86.ActiveCfg = Debug|Any CPU
		{601C6893-5492-4F99-925C-950EB6D94121}.Debug|x86.Build.0 = Debug|Any CPU
		{601C6893-5492-4F99-925C-950EB6D94121}.Generalx64BuildDebug|Any CPU.ActiveCfg = Debug|Any CPU
		{601C6893-5492-4F99-925C-950EB6D94121}.Generalx64BuildDebug|x64.ActiveCfg = Debug|Any CPU
		{601C6893-5492-4F99-925C-950EB6D94121}.Generalx64BuildDebug|x86.ActiveCfg = Debug|Any CPU
		{601C6893-5492-4F99-925C-950EB6D94121}.Generalx64BuildRelease|Any CPU.ActiveCfg = Release|Any CPU
		{601C6893-5492-4F99-925C-950EB6D94121}.Generalx64BuildRelease|x64.ActiveCfg = Release|Any CPU
		{601C6893-5492-4F99-925C-950EB6D94121}.Generalx64BuildRelease|x86.ActiveCfg = Release|Any CPU
		{601C6893-5492-4F99-925C-950EB6D94121}.Release|Any CPU.ActiveCfg = Release|Any CPU
		{601C6893-5492-4F99-925C-950EB6D94121}.Release|Any CPU.Build.0 = Release|Any CPU
		{601C6893-5492-4F99-925C-950EB6D94121}.Release|x64.ActiveCfg = Release|Any CPU
		{601C6893-5492-4F99-925C-950EB6D94121}.Release|x64.Build.0 = Release|Any CPU
		{601C6893-5492-4F99-925C-950EB6D94121}.Release|x86.ActiveCfg = Release|Any CPU
		{601C6893-5492-4F99-925C-950EB6D94121}.Release|x86.Build.0 = Release|Any CPU
		{2D7FAD35-6FD6-4742-9D78-05964EFD0A29}.Debug|Any CPU.ActiveCfg = Debug|Any CPU
		{2D7FAD35-6FD6-4742-9D78-05964EFD0A29}.Debug|x64.ActiveCfg = Debug|Any CPU
		{2D7FAD35-6FD6-4742-9D78-05964EFD0A29}.Debug|x86.ActiveCfg = Debug|Any CPU
		{2D7FAD35-6FD6-4742-9D78-05964EFD0A29}.Generalx64BuildDebug|Any CPU.ActiveCfg = Generalx64BuildDebug|Any CPU
		{2D7FAD35-6FD6-4742-9D78-05964EFD0A29}.Generalx64BuildDebug|x64.ActiveCfg = Generalx64BuildDebug|Any CPU
		{2D7FAD35-6FD6-4742-9D78-05964EFD0A29}.Generalx64BuildDebug|x86.ActiveCfg = Generalx64BuildDebug|Any CPU
		{2D7FAD35-6FD6-4742-9D78-05964EFD0A29}.Generalx64BuildRelease|Any CPU.ActiveCfg = Generalx64BuildRelease|Any CPU
		{2D7FAD35-6FD6-4742-9D78-05964EFD0A29}.Generalx64BuildRelease|x64.ActiveCfg = Generalx64BuildRelease|Any CPU
		{2D7FAD35-6FD6-4742-9D78-05964EFD0A29}.Generalx64BuildRelease|x86.ActiveCfg = Generalx64BuildRelease|Any CPU
		{2D7FAD35-6FD6-4742-9D78-05964EFD0A29}.Release|Any CPU.ActiveCfg = Release|Any CPU
		{2D7FAD35-6FD6-4742-9D78-05964EFD0A29}.Release|x64.ActiveCfg = Release|Any CPU
		{2D7FAD35-6FD6-4742-9D78-05964EFD0A29}.Release|x86.ActiveCfg = Release|Any CPU
		{561D1C48-FC84-4BC7-B495-06816180561B}.Debug|Any CPU.ActiveCfg = Debug|Any CPU
		{561D1C48-FC84-4BC7-B495-06816180561B}.Debug|Any CPU.Build.0 = Debug|Any CPU
		{561D1C48-FC84-4BC7-B495-06816180561B}.Debug|x64.ActiveCfg = Debug|Any CPU
		{561D1C48-FC84-4BC7-B495-06816180561B}.Debug|x64.Build.0 = Debug|Any CPU
		{561D1C48-FC84-4BC7-B495-06816180561B}.Debug|x86.ActiveCfg = Debug|Any CPU
		{561D1C48-FC84-4BC7-B495-06816180561B}.Debug|x86.Build.0 = Debug|Any CPU
		{561D1C48-FC84-4BC7-B495-06816180561B}.Generalx64BuildDebug|Any CPU.ActiveCfg = Generalx64BuildDebug|Any CPU
		{561D1C48-FC84-4BC7-B495-06816180561B}.Generalx64BuildDebug|Any CPU.Build.0 = Generalx64BuildDebug|Any CPU
		{561D1C48-FC84-4BC7-B495-06816180561B}.Generalx64BuildDebug|x64.ActiveCfg = Generalx64BuildDebug|Any CPU
		{561D1C48-FC84-4BC7-B495-06816180561B}.Generalx64BuildDebug|x64.Build.0 = Generalx64BuildDebug|Any CPU
		{561D1C48-FC84-4BC7-B495-06816180561B}.Generalx64BuildDebug|x86.ActiveCfg = Generalx64BuildDebug|Any CPU
		{561D1C48-FC84-4BC7-B495-06816180561B}.Generalx64BuildDebug|x86.Build.0 = Generalx64BuildDebug|Any CPU
		{561D1C48-FC84-4BC7-B495-06816180561B}.Generalx64BuildRelease|Any CPU.ActiveCfg = Generalx64BuildRelease|Any CPU
		{561D1C48-FC84-4BC7-B495-06816180561B}.Generalx64BuildRelease|Any CPU.Build.0 = Generalx64BuildRelease|Any CPU
		{561D1C48-FC84-4BC7-B495-06816180561B}.Generalx64BuildRelease|x64.ActiveCfg = Generalx64BuildRelease|Any CPU
		{561D1C48-FC84-4BC7-B495-06816180561B}.Generalx64BuildRelease|x64.Build.0 = Generalx64BuildRelease|Any CPU
		{561D1C48-FC84-4BC7-B495-06816180561B}.Generalx64BuildRelease|x86.ActiveCfg = Generalx64BuildRelease|Any CPU
		{561D1C48-FC84-4BC7-B495-06816180561B}.Generalx64BuildRelease|x86.Build.0 = Generalx64BuildRelease|Any CPU
		{561D1C48-FC84-4BC7-B495-06816180561B}.Release|Any CPU.ActiveCfg = Release|Any CPU
		{561D1C48-FC84-4BC7-B495-06816180561B}.Release|Any CPU.Build.0 = Release|Any CPU
		{561D1C48-FC84-4BC7-B495-06816180561B}.Release|x64.ActiveCfg = Release|Any CPU
		{561D1C48-FC84-4BC7-B495-06816180561B}.Release|x64.Build.0 = Release|Any CPU
		{561D1C48-FC84-4BC7-B495-06816180561B}.Release|x86.ActiveCfg = Release|Any CPU
		{561D1C48-FC84-4BC7-B495-06816180561B}.Release|x86.Build.0 = Release|Any CPU
		{1FDCE27F-4876-40F8-98F3-77BA9B21C7BE}.Debug|Any CPU.ActiveCfg = Debug|Any CPU
		{1FDCE27F-4876-40F8-98F3-77BA9B21C7BE}.Debug|Any CPU.Build.0 = Debug|Any CPU
		{1FDCE27F-4876-40F8-98F3-77BA9B21C7BE}.Debug|x64.ActiveCfg = Debug|Any CPU
		{1FDCE27F-4876-40F8-98F3-77BA9B21C7BE}.Debug|x64.Build.0 = Debug|Any CPU
		{1FDCE27F-4876-40F8-98F3-77BA9B21C7BE}.Debug|x86.ActiveCfg = Debug|Any CPU
		{1FDCE27F-4876-40F8-98F3-77BA9B21C7BE}.Debug|x86.Build.0 = Debug|Any CPU
		{1FDCE27F-4876-40F8-98F3-77BA9B21C7BE}.Generalx64BuildDebug|Any CPU.ActiveCfg = Generalx64BuildDebug|Any CPU
		{1FDCE27F-4876-40F8-98F3-77BA9B21C7BE}.Generalx64BuildDebug|Any CPU.Build.0 = Generalx64BuildDebug|Any CPU
		{1FDCE27F-4876-40F8-98F3-77BA9B21C7BE}.Generalx64BuildDebug|x64.ActiveCfg = Generalx64BuildDebug|Any CPU
		{1FDCE27F-4876-40F8-98F3-77BA9B21C7BE}.Generalx64BuildDebug|x64.Build.0 = Generalx64BuildDebug|Any CPU
		{1FDCE27F-4876-40F8-98F3-77BA9B21C7BE}.Generalx64BuildDebug|x86.ActiveCfg = Generalx64BuildDebug|Any CPU
		{1FDCE27F-4876-40F8-98F3-77BA9B21C7BE}.Generalx64BuildDebug|x86.Build.0 = Generalx64BuildDebug|Any CPU
		{1FDCE27F-4876-40F8-98F3-77BA9B21C7BE}.Generalx64BuildRelease|Any CPU.ActiveCfg = Generalx64BuildRelease|Any CPU
		{1FDCE27F-4876-40F8-98F3-77BA9B21C7BE}.Generalx64BuildRelease|Any CPU.Build.0 = Generalx64BuildRelease|Any CPU
		{1FDCE27F-4876-40F8-98F3-77BA9B21C7BE}.Generalx64BuildRelease|x64.ActiveCfg = Generalx64BuildRelease|Any CPU
		{1FDCE27F-4876-40F8-98F3-77BA9B21C7BE}.Generalx64BuildRelease|x64.Build.0 = Generalx64BuildRelease|Any CPU
		{1FDCE27F-4876-40F8-98F3-77BA9B21C7BE}.Generalx64BuildRelease|x86.ActiveCfg = Generalx64BuildRelease|Any CPU
		{1FDCE27F-4876-40F8-98F3-77BA9B21C7BE}.Generalx64BuildRelease|x86.Build.0 = Generalx64BuildRelease|Any CPU
		{1FDCE27F-4876-40F8-98F3-77BA9B21C7BE}.Release|Any CPU.ActiveCfg = Release|Any CPU
		{1FDCE27F-4876-40F8-98F3-77BA9B21C7BE}.Release|Any CPU.Build.0 = Release|Any CPU
		{1FDCE27F-4876-40F8-98F3-77BA9B21C7BE}.Release|x64.ActiveCfg = Release|Any CPU
		{1FDCE27F-4876-40F8-98F3-77BA9B21C7BE}.Release|x64.Build.0 = Release|Any CPU
		{1FDCE27F-4876-40F8-98F3-77BA9B21C7BE}.Release|x86.ActiveCfg = Release|Any CPU
		{1FDCE27F-4876-40F8-98F3-77BA9B21C7BE}.Release|x86.Build.0 = Release|Any CPU
		{90A08430-3034-483C-966C-44B531317C1A}.Debug|Any CPU.ActiveCfg = Debug|Any CPU
		{90A08430-3034-483C-966C-44B531317C1A}.Debug|Any CPU.Build.0 = Debug|Any CPU
		{90A08430-3034-483C-966C-44B531317C1A}.Debug|x64.ActiveCfg = Debug|Any CPU
		{90A08430-3034-483C-966C-44B531317C1A}.Debug|x64.Build.0 = Debug|Any CPU
		{90A08430-3034-483C-966C-44B531317C1A}.Debug|x86.ActiveCfg = Debug|Any CPU
		{90A08430-3034-483C-966C-44B531317C1A}.Debug|x86.Build.0 = Debug|Any CPU
		{90A08430-3034-483C-966C-44B531317C1A}.Generalx64BuildDebug|Any CPU.ActiveCfg = Debug|Any CPU
		{90A08430-3034-483C-966C-44B531317C1A}.Generalx64BuildDebug|x64.ActiveCfg = Release|x64
		{90A08430-3034-483C-966C-44B531317C1A}.Generalx64BuildDebug|x86.ActiveCfg = Debug|Any CPU
		{90A08430-3034-483C-966C-44B531317C1A}.Generalx64BuildRelease|Any CPU.ActiveCfg = Release|Any CPU
		{90A08430-3034-483C-966C-44B531317C1A}.Generalx64BuildRelease|x64.ActiveCfg = Release|x64
		{90A08430-3034-483C-966C-44B531317C1A}.Generalx64BuildRelease|x86.ActiveCfg = Release|Any CPU
		{90A08430-3034-483C-966C-44B531317C1A}.Release|Any CPU.ActiveCfg = Release|Any CPU
		{90A08430-3034-483C-966C-44B531317C1A}.Release|Any CPU.Build.0 = Release|Any CPU
		{90A08430-3034-483C-966C-44B531317C1A}.Release|x64.ActiveCfg = Release|x64
		{90A08430-3034-483C-966C-44B531317C1A}.Release|x64.Build.0 = Release|x64
		{90A08430-3034-483C-966C-44B531317C1A}.Release|x86.ActiveCfg = Release|Any CPU
		{90A08430-3034-483C-966C-44B531317C1A}.Release|x86.Build.0 = Release|Any CPU
		{60BFF1DD-807A-42B5-A90D-901BEAABE61F}.Debug|Any CPU.ActiveCfg = Debug|Any CPU
		{60BFF1DD-807A-42B5-A90D-901BEAABE61F}.Debug|Any CPU.Build.0 = Debug|Any CPU
		{60BFF1DD-807A-42B5-A90D-901BEAABE61F}.Debug|x64.ActiveCfg = Debug|Any CPU
		{60BFF1DD-807A-42B5-A90D-901BEAABE61F}.Debug|x64.Build.0 = Debug|Any CPU
		{60BFF1DD-807A-42B5-A90D-901BEAABE61F}.Debug|x86.ActiveCfg = Debug|Any CPU
		{60BFF1DD-807A-42B5-A90D-901BEAABE61F}.Debug|x86.Build.0 = Debug|Any CPU
		{60BFF1DD-807A-42B5-A90D-901BEAABE61F}.Generalx64BuildDebug|Any CPU.ActiveCfg = Generalx64BuildDebug|Any CPU
		{60BFF1DD-807A-42B5-A90D-901BEAABE61F}.Generalx64BuildDebug|Any CPU.Build.0 = Generalx64BuildDebug|Any CPU
		{60BFF1DD-807A-42B5-A90D-901BEAABE61F}.Generalx64BuildDebug|x64.ActiveCfg = Generalx64BuildDebug|Any CPU
		{60BFF1DD-807A-42B5-A90D-901BEAABE61F}.Generalx64BuildDebug|x64.Build.0 = Generalx64BuildDebug|Any CPU
		{60BFF1DD-807A-42B5-A90D-901BEAABE61F}.Generalx64BuildDebug|x86.ActiveCfg = Generalx64BuildDebug|Any CPU
		{60BFF1DD-807A-42B5-A90D-901BEAABE61F}.Generalx64BuildDebug|x86.Build.0 = Generalx64BuildDebug|Any CPU
		{60BFF1DD-807A-42B5-A90D-901BEAABE61F}.Generalx64BuildRelease|Any CPU.ActiveCfg = Generalx64BuildRelease|Any CPU
		{60BFF1DD-807A-42B5-A90D-901BEAABE61F}.Generalx64BuildRelease|Any CPU.Build.0 = Generalx64BuildRelease|Any CPU
		{60BFF1DD-807A-42B5-A90D-901BEAABE61F}.Generalx64BuildRelease|x64.ActiveCfg = Generalx64BuildRelease|Any CPU
		{60BFF1DD-807A-42B5-A90D-901BEAABE61F}.Generalx64BuildRelease|x64.Build.0 = Generalx64BuildRelease|Any CPU
		{60BFF1DD-807A-42B5-A90D-901BEAABE61F}.Generalx64BuildRelease|x86.ActiveCfg = Generalx64BuildRelease|Any CPU
		{60BFF1DD-807A-42B5-A90D-901BEAABE61F}.Generalx64BuildRelease|x86.Build.0 = Generalx64BuildRelease|Any CPU
		{60BFF1DD-807A-42B5-A90D-901BEAABE61F}.Release|Any CPU.ActiveCfg = Release|Any CPU
		{60BFF1DD-807A-42B5-A90D-901BEAABE61F}.Release|Any CPU.Build.0 = Release|Any CPU
		{60BFF1DD-807A-42B5-A90D-901BEAABE61F}.Release|x64.ActiveCfg = Release|Any CPU
		{60BFF1DD-807A-42B5-A90D-901BEAABE61F}.Release|x64.Build.0 = Release|Any CPU
		{60BFF1DD-807A-42B5-A90D-901BEAABE61F}.Release|x86.ActiveCfg = Release|Any CPU
		{60BFF1DD-807A-42B5-A90D-901BEAABE61F}.Release|x86.Build.0 = Release|Any CPU
		{EDC808D7-D6E3-4AEF-B207-896E6E914DED}.Debug|Any CPU.ActiveCfg = Debug|x64
		{EDC808D7-D6E3-4AEF-B207-896E6E914DED}.Debug|Any CPU.Build.0 = Debug|x64
		{EDC808D7-D6E3-4AEF-B207-896E6E914DED}.Debug|x64.ActiveCfg = Debug|x64
		{EDC808D7-D6E3-4AEF-B207-896E6E914DED}.Debug|x64.Build.0 = Debug|x64
		{EDC808D7-D6E3-4AEF-B207-896E6E914DED}.Debug|x86.ActiveCfg = Debug|Win32
		{EDC808D7-D6E3-4AEF-B207-896E6E914DED}.Debug|x86.Build.0 = Debug|Win32
		{EDC808D7-D6E3-4AEF-B207-896E6E914DED}.Generalx64BuildDebug|Any CPU.ActiveCfg = Generalx64BuildDebug|x64
		{EDC808D7-D6E3-4AEF-B207-896E6E914DED}.Generalx64BuildDebug|Any CPU.Build.0 = Generalx64BuildDebug|x64
		{EDC808D7-D6E3-4AEF-B207-896E6E914DED}.Generalx64BuildDebug|x64.ActiveCfg = Generalx64BuildDebug|x64
		{EDC808D7-D6E3-4AEF-B207-896E6E914DED}.Generalx64BuildDebug|x64.Build.0 = Generalx64BuildDebug|x64
		{EDC808D7-D6E3-4AEF-B207-896E6E914DED}.Generalx64BuildDebug|x86.ActiveCfg = Generalx64BuildDebug|Win32
		{EDC808D7-D6E3-4AEF-B207-896E6E914DED}.Generalx64BuildDebug|x86.Build.0 = Generalx64BuildDebug|Win32
		{EDC808D7-D6E3-4AEF-B207-896E6E914DED}.Generalx64BuildRelease|Any CPU.ActiveCfg = Generalx64BuildRelease|x64
		{EDC808D7-D6E3-4AEF-B207-896E6E914DED}.Generalx64BuildRelease|Any CPU.Build.0 = Generalx64BuildRelease|x64
		{EDC808D7-D6E3-4AEF-B207-896E6E914DED}.Generalx64BuildRelease|x64.ActiveCfg = Generalx64BuildRelease|x64
		{EDC808D7-D6E3-4AEF-B207-896E6E914DED}.Generalx64BuildRelease|x64.Build.0 = Generalx64BuildRelease|x64
		{EDC808D7-D6E3-4AEF-B207-896E6E914DED}.Generalx64BuildRelease|x86.ActiveCfg = Generalx64BuildRelease|Win32
		{EDC808D7-D6E3-4AEF-B207-896E6E914DED}.Generalx64BuildRelease|x86.Build.0 = Generalx64BuildRelease|Win32
		{EDC808D7-D6E3-4AEF-B207-896E6E914DED}.Release|Any CPU.ActiveCfg = Release|x64
		{EDC808D7-D6E3-4AEF-B207-896E6E914DED}.Release|Any CPU.Build.0 = Release|x64
		{EDC808D7-D6E3-4AEF-B207-896E6E914DED}.Release|x64.ActiveCfg = Release|x64
		{EDC808D7-D6E3-4AEF-B207-896E6E914DED}.Release|x64.Build.0 = Release|x64
		{EDC808D7-D6E3-4AEF-B207-896E6E914DED}.Release|x86.ActiveCfg = Release|Win32
		{EDC808D7-D6E3-4AEF-B207-896E6E914DED}.Release|x86.Build.0 = Release|Win32
		{EE46B51A-0903-4148-98C1-3954F0921E3F}.Debug|Any CPU.ActiveCfg = Debug|Any CPU
		{EE46B51A-0903-4148-98C1-3954F0921E3F}.Debug|Any CPU.Build.0 = Debug|Any CPU
		{EE46B51A-0903-4148-98C1-3954F0921E3F}.Debug|x64.ActiveCfg = Debug|Any CPU
		{EE46B51A-0903-4148-98C1-3954F0921E3F}.Debug|x64.Build.0 = Debug|Any CPU
		{EE46B51A-0903-4148-98C1-3954F0921E3F}.Debug|x86.ActiveCfg = Debug|Any CPU
		{EE46B51A-0903-4148-98C1-3954F0921E3F}.Debug|x86.Build.0 = Debug|Any CPU
		{EE46B51A-0903-4148-98C1-3954F0921E3F}.Generalx64BuildDebug|Any CPU.ActiveCfg = Generalx64BuildDebug|Any CPU
		{EE46B51A-0903-4148-98C1-3954F0921E3F}.Generalx64BuildDebug|Any CPU.Build.0 = Generalx64BuildDebug|Any CPU
		{EE46B51A-0903-4148-98C1-3954F0921E3F}.Generalx64BuildDebug|x64.ActiveCfg = Generalx64BuildDebug|Any CPU
		{EE46B51A-0903-4148-98C1-3954F0921E3F}.Generalx64BuildDebug|x64.Build.0 = Generalx64BuildDebug|Any CPU
		{EE46B51A-0903-4148-98C1-3954F0921E3F}.Generalx64BuildDebug|x86.ActiveCfg = Generalx64BuildDebug|Any CPU
		{EE46B51A-0903-4148-98C1-3954F0921E3F}.Generalx64BuildDebug|x86.Build.0 = Generalx64BuildDebug|Any CPU
		{EE46B51A-0903-4148-98C1-3954F0921E3F}.Generalx64BuildRelease|Any CPU.ActiveCfg = Generalx64BuildRelease|Any CPU
		{EE46B51A-0903-4148-98C1-3954F0921E3F}.Generalx64BuildRelease|Any CPU.Build.0 = Generalx64BuildRelease|Any CPU
		{EE46B51A-0903-4148-98C1-3954F0921E3F}.Generalx64BuildRelease|x64.ActiveCfg = Generalx64BuildRelease|Any CPU
		{EE46B51A-0903-4148-98C1-3954F0921E3F}.Generalx64BuildRelease|x64.Build.0 = Generalx64BuildRelease|Any CPU
		{EE46B51A-0903-4148-98C1-3954F0921E3F}.Generalx64BuildRelease|x86.ActiveCfg = Generalx64BuildRelease|Any CPU
		{EE46B51A-0903-4148-98C1-3954F0921E3F}.Generalx64BuildRelease|x86.Build.0 = Generalx64BuildRelease|Any CPU
		{EE46B51A-0903-4148-98C1-3954F0921E3F}.Release|Any CPU.ActiveCfg = Release|Any CPU
		{EE46B51A-0903-4148-98C1-3954F0921E3F}.Release|Any CPU.Build.0 = Release|Any CPU
		{EE46B51A-0903-4148-98C1-3954F0921E3F}.Release|x64.ActiveCfg = Release|Any CPU
		{EE46B51A-0903-4148-98C1-3954F0921E3F}.Release|x64.Build.0 = Release|Any CPU
		{EE46B51A-0903-4148-98C1-3954F0921E3F}.Release|x86.ActiveCfg = Release|Any CPU
		{EE46B51A-0903-4148-98C1-3954F0921E3F}.Release|x86.Build.0 = Release|Any CPU
		{3C763D2D-FB41-4180-B90E-ECA413C86FB6}.Debug|Any CPU.ActiveCfg = Debug|Any CPU
		{3C763D2D-FB41-4180-B90E-ECA413C86FB6}.Debug|Any CPU.Build.0 = Debug|Any CPU
		{3C763D2D-FB41-4180-B90E-ECA413C86FB6}.Debug|x64.ActiveCfg = Debug|Any CPU
		{3C763D2D-FB41-4180-B90E-ECA413C86FB6}.Debug|x64.Build.0 = Debug|Any CPU
		{3C763D2D-FB41-4180-B90E-ECA413C86FB6}.Debug|x86.ActiveCfg = Debug|Any CPU
		{3C763D2D-FB41-4180-B90E-ECA413C86FB6}.Debug|x86.Build.0 = Debug|Any CPU
		{3C763D2D-FB41-4180-B90E-ECA413C86FB6}.Generalx64BuildDebug|Any CPU.ActiveCfg = Generalx64BuildDebug|Any CPU
		{3C763D2D-FB41-4180-B90E-ECA413C86FB6}.Generalx64BuildDebug|Any CPU.Build.0 = Generalx64BuildDebug|Any CPU
		{3C763D2D-FB41-4180-B90E-ECA413C86FB6}.Generalx64BuildDebug|x64.ActiveCfg = Generalx64BuildDebug|Any CPU
		{3C763D2D-FB41-4180-B90E-ECA413C86FB6}.Generalx64BuildDebug|x64.Build.0 = Generalx64BuildDebug|Any CPU
		{3C763D2D-FB41-4180-B90E-ECA413C86FB6}.Generalx64BuildDebug|x86.ActiveCfg = Generalx64BuildDebug|Any CPU
		{3C763D2D-FB41-4180-B90E-ECA413C86FB6}.Generalx64BuildDebug|x86.Build.0 = Generalx64BuildDebug|Any CPU
		{3C763D2D-FB41-4180-B90E-ECA413C86FB6}.Generalx64BuildRelease|Any CPU.ActiveCfg = Generalx64BuildRelease|Any CPU
		{3C763D2D-FB41-4180-B90E-ECA413C86FB6}.Generalx64BuildRelease|Any CPU.Build.0 = Generalx64BuildRelease|Any CPU
		{3C763D2D-FB41-4180-B90E-ECA413C86FB6}.Generalx64BuildRelease|x64.ActiveCfg = Generalx64BuildRelease|Any CPU
		{3C763D2D-FB41-4180-B90E-ECA413C86FB6}.Generalx64BuildRelease|x64.Build.0 = Generalx64BuildRelease|Any CPU
		{3C763D2D-FB41-4180-B90E-ECA413C86FB6}.Generalx64BuildRelease|x86.ActiveCfg = Generalx64BuildRelease|Any CPU
		{3C763D2D-FB41-4180-B90E-ECA413C86FB6}.Generalx64BuildRelease|x86.Build.0 = Generalx64BuildRelease|Any CPU
		{3C763D2D-FB41-4180-B90E-ECA413C86FB6}.Release|Any CPU.ActiveCfg = Release|Any CPU
		{3C763D2D-FB41-4180-B90E-ECA413C86FB6}.Release|Any CPU.Build.0 = Release|Any CPU
		{3C763D2D-FB41-4180-B90E-ECA413C86FB6}.Release|x64.ActiveCfg = Release|Any CPU
		{3C763D2D-FB41-4180-B90E-ECA413C86FB6}.Release|x64.Build.0 = Release|Any CPU
		{3C763D2D-FB41-4180-B90E-ECA413C86FB6}.Release|x86.ActiveCfg = Release|Any CPU
		{3C763D2D-FB41-4180-B90E-ECA413C86FB6}.Release|x86.Build.0 = Release|Any CPU
		{3CD72DB6-C618-4315-A295-EAE0B1D0019B}.Debug|Any CPU.ActiveCfg = Debug|Any CPU
		{3CD72DB6-C618-4315-A295-EAE0B1D0019B}.Debug|Any CPU.Build.0 = Debug|Any CPU
		{3CD72DB6-C618-4315-A295-EAE0B1D0019B}.Debug|x64.ActiveCfg = Debug|Any CPU
		{3CD72DB6-C618-4315-A295-EAE0B1D0019B}.Debug|x64.Build.0 = Debug|Any CPU
		{3CD72DB6-C618-4315-A295-EAE0B1D0019B}.Debug|x86.ActiveCfg = Debug|Any CPU
		{3CD72DB6-C618-4315-A295-EAE0B1D0019B}.Debug|x86.Build.0 = Debug|Any CPU
		{3CD72DB6-C618-4315-A295-EAE0B1D0019B}.Generalx64BuildDebug|Any CPU.ActiveCfg = Generalx64BuildDebug|Any CPU
		{3CD72DB6-C618-4315-A295-EAE0B1D0019B}.Generalx64BuildDebug|Any CPU.Build.0 = Generalx64BuildDebug|Any CPU
		{3CD72DB6-C618-4315-A295-EAE0B1D0019B}.Generalx64BuildDebug|x64.ActiveCfg = Generalx64BuildDebug|Any CPU
		{3CD72DB6-C618-4315-A295-EAE0B1D0019B}.Generalx64BuildDebug|x64.Build.0 = Generalx64BuildDebug|Any CPU
		{3CD72DB6-C618-4315-A295-EAE0B1D0019B}.Generalx64BuildDebug|x86.ActiveCfg = Generalx64BuildDebug|Any CPU
		{3CD72DB6-C618-4315-A295-EAE0B1D0019B}.Generalx64BuildDebug|x86.Build.0 = Generalx64BuildDebug|Any CPU
		{3CD72DB6-C618-4315-A295-EAE0B1D0019B}.Generalx64BuildRelease|Any CPU.ActiveCfg = Generalx64BuildRelease|Any CPU
		{3CD72DB6-C618-4315-A295-EAE0B1D0019B}.Generalx64BuildRelease|Any CPU.Build.0 = Generalx64BuildRelease|Any CPU
		{3CD72DB6-C618-4315-A295-EAE0B1D0019B}.Generalx64BuildRelease|x64.ActiveCfg = Generalx64BuildRelease|Any CPU
		{3CD72DB6-C618-4315-A295-EAE0B1D0019B}.Generalx64BuildRelease|x64.Build.0 = Generalx64BuildRelease|Any CPU
		{3CD72DB6-C618-4315-A295-EAE0B1D0019B}.Generalx64BuildRelease|x86.ActiveCfg = Generalx64BuildRelease|Any CPU
		{3CD72DB6-C618-4315-A295-EAE0B1D0019B}.Generalx64BuildRelease|x86.Build.0 = Generalx64BuildRelease|Any CPU
		{3CD72DB6-C618-4315-A295-EAE0B1D0019B}.Release|Any CPU.ActiveCfg = Release|Any CPU
		{3CD72DB6-C618-4315-A295-EAE0B1D0019B}.Release|Any CPU.Build.0 = Release|Any CPU
		{3CD72DB6-C618-4315-A295-EAE0B1D0019B}.Release|x64.ActiveCfg = Release|Any CPU
		{3CD72DB6-C618-4315-A295-EAE0B1D0019B}.Release|x64.Build.0 = Release|Any CPU
		{3CD72DB6-C618-4315-A295-EAE0B1D0019B}.Release|x86.ActiveCfg = Release|Any CPU
		{3CD72DB6-C618-4315-A295-EAE0B1D0019B}.Release|x86.Build.0 = Release|Any CPU
		{FE5B2B35-2F24-4386-9AE5-9EDAF24D4B5A}.Debug|Any CPU.ActiveCfg = Debug|Any CPU
		{FE5B2B35-2F24-4386-9AE5-9EDAF24D4B5A}.Debug|Any CPU.Build.0 = Debug|Any CPU
		{FE5B2B35-2F24-4386-9AE5-9EDAF24D4B5A}.Debug|x64.ActiveCfg = Debug|Any CPU
		{FE5B2B35-2F24-4386-9AE5-9EDAF24D4B5A}.Debug|x64.Build.0 = Debug|Any CPU
		{FE5B2B35-2F24-4386-9AE5-9EDAF24D4B5A}.Debug|x86.ActiveCfg = Debug|Any CPU
		{FE5B2B35-2F24-4386-9AE5-9EDAF24D4B5A}.Debug|x86.Build.0 = Debug|Any CPU
		{FE5B2B35-2F24-4386-9AE5-9EDAF24D4B5A}.Generalx64BuildDebug|Any CPU.ActiveCfg = Generalx64BuildDebug|Any CPU
		{FE5B2B35-2F24-4386-9AE5-9EDAF24D4B5A}.Generalx64BuildDebug|Any CPU.Build.0 = Generalx64BuildDebug|Any CPU
		{FE5B2B35-2F24-4386-9AE5-9EDAF24D4B5A}.Generalx64BuildDebug|x64.ActiveCfg = Generalx64BuildDebug|Any CPU
		{FE5B2B35-2F24-4386-9AE5-9EDAF24D4B5A}.Generalx64BuildDebug|x64.Build.0 = Generalx64BuildDebug|Any CPU
		{FE5B2B35-2F24-4386-9AE5-9EDAF24D4B5A}.Generalx64BuildDebug|x86.ActiveCfg = Generalx64BuildDebug|Any CPU
		{FE5B2B35-2F24-4386-9AE5-9EDAF24D4B5A}.Generalx64BuildDebug|x86.Build.0 = Generalx64BuildDebug|Any CPU
		{FE5B2B35-2F24-4386-9AE5-9EDAF24D4B5A}.Generalx64BuildRelease|Any CPU.ActiveCfg = Generalx64BuildRelease|Any CPU
		{FE5B2B35-2F24-4386-9AE5-9EDAF24D4B5A}.Generalx64BuildRelease|Any CPU.Build.0 = Generalx64BuildRelease|Any CPU
		{FE5B2B35-2F24-4386-9AE5-9EDAF24D4B5A}.Generalx64BuildRelease|x64.ActiveCfg = Generalx64BuildRelease|Any CPU
		{FE5B2B35-2F24-4386-9AE5-9EDAF24D4B5A}.Generalx64BuildRelease|x64.Build.0 = Generalx64BuildRelease|Any CPU
		{FE5B2B35-2F24-4386-9AE5-9EDAF24D4B5A}.Generalx64BuildRelease|x86.ActiveCfg = Generalx64BuildRelease|Any CPU
		{FE5B2B35-2F24-4386-9AE5-9EDAF24D4B5A}.Generalx64BuildRelease|x86.Build.0 = Generalx64BuildRelease|Any CPU
		{FE5B2B35-2F24-4386-9AE5-9EDAF24D4B5A}.Release|Any CPU.ActiveCfg = Release|Any CPU
		{FE5B2B35-2F24-4386-9AE5-9EDAF24D4B5A}.Release|Any CPU.Build.0 = Release|Any CPU
		{FE5B2B35-2F24-4386-9AE5-9EDAF24D4B5A}.Release|x64.ActiveCfg = Release|Any CPU
		{FE5B2B35-2F24-4386-9AE5-9EDAF24D4B5A}.Release|x64.Build.0 = Release|Any CPU
		{FE5B2B35-2F24-4386-9AE5-9EDAF24D4B5A}.Release|x86.ActiveCfg = Release|Any CPU
		{FE5B2B35-2F24-4386-9AE5-9EDAF24D4B5A}.Release|x86.Build.0 = Release|Any CPU
		{C880A9F0-2737-4EBA-BFC7-C1AE62E3A1E8}.Debug|Any CPU.ActiveCfg = Debug|Any CPU
		{C880A9F0-2737-4EBA-BFC7-C1AE62E3A1E8}.Debug|Any CPU.Build.0 = Debug|Any CPU
		{C880A9F0-2737-4EBA-BFC7-C1AE62E3A1E8}.Debug|x64.ActiveCfg = Debug|Any CPU
		{C880A9F0-2737-4EBA-BFC7-C1AE62E3A1E8}.Debug|x64.Build.0 = Debug|Any CPU
		{C880A9F0-2737-4EBA-BFC7-C1AE62E3A1E8}.Debug|x86.ActiveCfg = Debug|Any CPU
		{C880A9F0-2737-4EBA-BFC7-C1AE62E3A1E8}.Debug|x86.Build.0 = Debug|Any CPU
		{C880A9F0-2737-4EBA-BFC7-C1AE62E3A1E8}.Generalx64BuildDebug|Any CPU.ActiveCfg = Generalx64BuildDebug|Any CPU
		{C880A9F0-2737-4EBA-BFC7-C1AE62E3A1E8}.Generalx64BuildDebug|Any CPU.Build.0 = Generalx64BuildDebug|Any CPU
		{C880A9F0-2737-4EBA-BFC7-C1AE62E3A1E8}.Generalx64BuildDebug|x64.ActiveCfg = Generalx64BuildDebug|Any CPU
		{C880A9F0-2737-4EBA-BFC7-C1AE62E3A1E8}.Generalx64BuildDebug|x64.Build.0 = Generalx64BuildDebug|Any CPU
		{C880A9F0-2737-4EBA-BFC7-C1AE62E3A1E8}.Generalx64BuildDebug|x86.ActiveCfg = Generalx64BuildDebug|Any CPU
		{C880A9F0-2737-4EBA-BFC7-C1AE62E3A1E8}.Generalx64BuildDebug|x86.Build.0 = Generalx64BuildDebug|Any CPU
		{C880A9F0-2737-4EBA-BFC7-C1AE62E3A1E8}.Generalx64BuildRelease|Any CPU.ActiveCfg = Generalx64BuildRelease|Any CPU
		{C880A9F0-2737-4EBA-BFC7-C1AE62E3A1E8}.Generalx64BuildRelease|Any CPU.Build.0 = Generalx64BuildRelease|Any CPU
		{C880A9F0-2737-4EBA-BFC7-C1AE62E3A1E8}.Generalx64BuildRelease|x64.ActiveCfg = Generalx64BuildRelease|Any CPU
		{C880A9F0-2737-4EBA-BFC7-C1AE62E3A1E8}.Generalx64BuildRelease|x64.Build.0 = Generalx64BuildRelease|Any CPU
		{C880A9F0-2737-4EBA-BFC7-C1AE62E3A1E8}.Generalx64BuildRelease|x86.ActiveCfg = Generalx64BuildRelease|Any CPU
		{C880A9F0-2737-4EBA-BFC7-C1AE62E3A1E8}.Generalx64BuildRelease|x86.Build.0 = Generalx64BuildRelease|Any CPU
		{C880A9F0-2737-4EBA-BFC7-C1AE62E3A1E8}.Release|Any CPU.ActiveCfg = Release|Any CPU
		{C880A9F0-2737-4EBA-BFC7-C1AE62E3A1E8}.Release|Any CPU.Build.0 = Release|Any CPU
		{C880A9F0-2737-4EBA-BFC7-C1AE62E3A1E8}.Release|x64.ActiveCfg = Release|Any CPU
		{C880A9F0-2737-4EBA-BFC7-C1AE62E3A1E8}.Release|x64.Build.0 = Release|Any CPU
		{C880A9F0-2737-4EBA-BFC7-C1AE62E3A1E8}.Release|x86.ActiveCfg = Release|Any CPU
		{C880A9F0-2737-4EBA-BFC7-C1AE62E3A1E8}.Release|x86.Build.0 = Release|Any CPU
		{786BD762-CD66-4880-9BE0-FCAC049DB7E9}.Debug|Any CPU.ActiveCfg = Debug|Any CPU
		{786BD762-CD66-4880-9BE0-FCAC049DB7E9}.Debug|Any CPU.Build.0 = Debug|Any CPU
		{786BD762-CD66-4880-9BE0-FCAC049DB7E9}.Debug|Any CPU.Deploy.0 = Debug|Any CPU
		{786BD762-CD66-4880-9BE0-FCAC049DB7E9}.Debug|x64.ActiveCfg = Debug|Any CPU
		{786BD762-CD66-4880-9BE0-FCAC049DB7E9}.Debug|x64.Build.0 = Debug|Any CPU
		{786BD762-CD66-4880-9BE0-FCAC049DB7E9}.Debug|x64.Deploy.0 = Debug|Any CPU
		{786BD762-CD66-4880-9BE0-FCAC049DB7E9}.Debug|x86.ActiveCfg = Debug|Any CPU
		{786BD762-CD66-4880-9BE0-FCAC049DB7E9}.Debug|x86.Build.0 = Debug|Any CPU
		{786BD762-CD66-4880-9BE0-FCAC049DB7E9}.Debug|x86.Deploy.0 = Debug|Any CPU
		{786BD762-CD66-4880-9BE0-FCAC049DB7E9}.Generalx64BuildDebug|Any CPU.ActiveCfg = Generalx64BuildDebug|Any CPU
		{786BD762-CD66-4880-9BE0-FCAC049DB7E9}.Generalx64BuildDebug|Any CPU.Build.0 = Generalx64BuildDebug|Any CPU
		{786BD762-CD66-4880-9BE0-FCAC049DB7E9}.Generalx64BuildDebug|Any CPU.Deploy.0 = Generalx64BuildDebug|Any CPU
		{786BD762-CD66-4880-9BE0-FCAC049DB7E9}.Generalx64BuildDebug|x64.ActiveCfg = Generalx64BuildDebug|Any CPU
		{786BD762-CD66-4880-9BE0-FCAC049DB7E9}.Generalx64BuildDebug|x64.Build.0 = Generalx64BuildDebug|Any CPU
		{786BD762-CD66-4880-9BE0-FCAC049DB7E9}.Generalx64BuildDebug|x64.Deploy.0 = Generalx64BuildDebug|Any CPU
		{786BD762-CD66-4880-9BE0-FCAC049DB7E9}.Generalx64BuildDebug|x86.ActiveCfg = Generalx64BuildDebug|Any CPU
		{786BD762-CD66-4880-9BE0-FCAC049DB7E9}.Generalx64BuildDebug|x86.Build.0 = Generalx64BuildDebug|Any CPU
		{786BD762-CD66-4880-9BE0-FCAC049DB7E9}.Generalx64BuildDebug|x86.Deploy.0 = Generalx64BuildDebug|Any CPU
		{786BD762-CD66-4880-9BE0-FCAC049DB7E9}.Generalx64BuildRelease|Any CPU.ActiveCfg = Generalx64BuildRelease|Any CPU
		{786BD762-CD66-4880-9BE0-FCAC049DB7E9}.Generalx64BuildRelease|Any CPU.Build.0 = Generalx64BuildRelease|Any CPU
		{786BD762-CD66-4880-9BE0-FCAC049DB7E9}.Generalx64BuildRelease|Any CPU.Deploy.0 = Generalx64BuildRelease|Any CPU
		{786BD762-CD66-4880-9BE0-FCAC049DB7E9}.Generalx64BuildRelease|x64.ActiveCfg = Generalx64BuildRelease|Any CPU
		{786BD762-CD66-4880-9BE0-FCAC049DB7E9}.Generalx64BuildRelease|x64.Build.0 = Generalx64BuildRelease|Any CPU
		{786BD762-CD66-4880-9BE0-FCAC049DB7E9}.Generalx64BuildRelease|x64.Deploy.0 = Generalx64BuildRelease|Any CPU
		{786BD762-CD66-4880-9BE0-FCAC049DB7E9}.Generalx64BuildRelease|x86.ActiveCfg = Generalx64BuildRelease|Any CPU
		{786BD762-CD66-4880-9BE0-FCAC049DB7E9}.Generalx64BuildRelease|x86.Build.0 = Generalx64BuildRelease|Any CPU
		{786BD762-CD66-4880-9BE0-FCAC049DB7E9}.Generalx64BuildRelease|x86.Deploy.0 = Generalx64BuildRelease|Any CPU
		{786BD762-CD66-4880-9BE0-FCAC049DB7E9}.Release|Any CPU.ActiveCfg = Release|Any CPU
		{786BD762-CD66-4880-9BE0-FCAC049DB7E9}.Release|Any CPU.Build.0 = Release|Any CPU
		{786BD762-CD66-4880-9BE0-FCAC049DB7E9}.Release|Any CPU.Deploy.0 = Release|Any CPU
		{786BD762-CD66-4880-9BE0-FCAC049DB7E9}.Release|x64.ActiveCfg = Release|Any CPU
		{786BD762-CD66-4880-9BE0-FCAC049DB7E9}.Release|x64.Build.0 = Release|Any CPU
		{786BD762-CD66-4880-9BE0-FCAC049DB7E9}.Release|x64.Deploy.0 = Release|Any CPU
		{786BD762-CD66-4880-9BE0-FCAC049DB7E9}.Release|x86.ActiveCfg = Release|Any CPU
		{786BD762-CD66-4880-9BE0-FCAC049DB7E9}.Release|x86.Build.0 = Release|Any CPU
		{786BD762-CD66-4880-9BE0-FCAC049DB7E9}.Release|x86.Deploy.0 = Release|Any CPU
		{4F7AA2A5-95C6-45A4-9715-0A6F9CDA09AC}.Debug|Any CPU.ActiveCfg = Debug|Any CPU
		{4F7AA2A5-95C6-45A4-9715-0A6F9CDA09AC}.Debug|Any CPU.Build.0 = Debug|Any CPU
		{4F7AA2A5-95C6-45A4-9715-0A6F9CDA09AC}.Debug|x64.ActiveCfg = Debug|Any CPU
		{4F7AA2A5-95C6-45A4-9715-0A6F9CDA09AC}.Debug|x64.Build.0 = Debug|Any CPU
		{4F7AA2A5-95C6-45A4-9715-0A6F9CDA09AC}.Debug|x86.ActiveCfg = Debug|Any CPU
		{4F7AA2A5-95C6-45A4-9715-0A6F9CDA09AC}.Debug|x86.Build.0 = Debug|Any CPU
		{4F7AA2A5-95C6-45A4-9715-0A6F9CDA09AC}.Generalx64BuildDebug|Any CPU.ActiveCfg = Generalx64BuildDebug|Any CPU
		{4F7AA2A5-95C6-45A4-9715-0A6F9CDA09AC}.Generalx64BuildDebug|Any CPU.Build.0 = Generalx64BuildDebug|Any CPU
		{4F7AA2A5-95C6-45A4-9715-0A6F9CDA09AC}.Generalx64BuildDebug|x64.ActiveCfg = Generalx64BuildDebug|Any CPU
		{4F7AA2A5-95C6-45A4-9715-0A6F9CDA09AC}.Generalx64BuildDebug|x64.Build.0 = Generalx64BuildDebug|Any CPU
		{4F7AA2A5-95C6-45A4-9715-0A6F9CDA09AC}.Generalx64BuildDebug|x86.ActiveCfg = Generalx64BuildDebug|Any CPU
		{4F7AA2A5-95C6-45A4-9715-0A6F9CDA09AC}.Generalx64BuildDebug|x86.Build.0 = Generalx64BuildDebug|Any CPU
		{4F7AA2A5-95C6-45A4-9715-0A6F9CDA09AC}.Generalx64BuildRelease|Any CPU.ActiveCfg = Generalx64BuildRelease|Any CPU
		{4F7AA2A5-95C6-45A4-9715-0A6F9CDA09AC}.Generalx64BuildRelease|Any CPU.Build.0 = Generalx64BuildRelease|Any CPU
		{4F7AA2A5-95C6-45A4-9715-0A6F9CDA09AC}.Generalx64BuildRelease|x64.ActiveCfg = Generalx64BuildRelease|Any CPU
		{4F7AA2A5-95C6-45A4-9715-0A6F9CDA09AC}.Generalx64BuildRelease|x64.Build.0 = Generalx64BuildRelease|Any CPU
		{4F7AA2A5-95C6-45A4-9715-0A6F9CDA09AC}.Generalx64BuildRelease|x86.ActiveCfg = Generalx64BuildRelease|Any CPU
		{4F7AA2A5-95C6-45A4-9715-0A6F9CDA09AC}.Generalx64BuildRelease|x86.Build.0 = Generalx64BuildRelease|Any CPU
		{4F7AA2A5-95C6-45A4-9715-0A6F9CDA09AC}.Release|Any CPU.ActiveCfg = Release|Any CPU
		{4F7AA2A5-95C6-45A4-9715-0A6F9CDA09AC}.Release|Any CPU.Build.0 = Release|Any CPU
		{4F7AA2A5-95C6-45A4-9715-0A6F9CDA09AC}.Release|x64.ActiveCfg = Release|Any CPU
		{4F7AA2A5-95C6-45A4-9715-0A6F9CDA09AC}.Release|x64.Build.0 = Release|Any CPU
		{4F7AA2A5-95C6-45A4-9715-0A6F9CDA09AC}.Release|x86.ActiveCfg = Release|Any CPU
		{4F7AA2A5-95C6-45A4-9715-0A6F9CDA09AC}.Release|x86.Build.0 = Release|Any CPU
		{FE8C472A-1D59-4C7A-BC15-713A759E1650}.Debug|Any CPU.ActiveCfg = Debug|Any CPU
		{FE8C472A-1D59-4C7A-BC15-713A759E1650}.Debug|Any CPU.Build.0 = Debug|Any CPU
		{FE8C472A-1D59-4C7A-BC15-713A759E1650}.Debug|x64.ActiveCfg = Debug|Any CPU
		{FE8C472A-1D59-4C7A-BC15-713A759E1650}.Debug|x64.Build.0 = Debug|Any CPU
		{FE8C472A-1D59-4C7A-BC15-713A759E1650}.Debug|x86.ActiveCfg = Debug|Any CPU
		{FE8C472A-1D59-4C7A-BC15-713A759E1650}.Debug|x86.Build.0 = Debug|Any CPU
		{FE8C472A-1D59-4C7A-BC15-713A759E1650}.Generalx64BuildDebug|Any CPU.ActiveCfg = Generalx64BuildDebug|Any CPU
		{FE8C472A-1D59-4C7A-BC15-713A759E1650}.Generalx64BuildDebug|Any CPU.Build.0 = Generalx64BuildDebug|Any CPU
		{FE8C472A-1D59-4C7A-BC15-713A759E1650}.Generalx64BuildDebug|x64.ActiveCfg = Generalx64BuildDebug|Any CPU
		{FE8C472A-1D59-4C7A-BC15-713A759E1650}.Generalx64BuildDebug|x64.Build.0 = Generalx64BuildDebug|Any CPU
		{FE8C472A-1D59-4C7A-BC15-713A759E1650}.Generalx64BuildDebug|x86.ActiveCfg = Generalx64BuildDebug|Any CPU
		{FE8C472A-1D59-4C7A-BC15-713A759E1650}.Generalx64BuildDebug|x86.Build.0 = Generalx64BuildDebug|Any CPU
		{FE8C472A-1D59-4C7A-BC15-713A759E1650}.Generalx64BuildRelease|Any CPU.ActiveCfg = Generalx64BuildRelease|Any CPU
		{FE8C472A-1D59-4C7A-BC15-713A759E1650}.Generalx64BuildRelease|Any CPU.Build.0 = Generalx64BuildRelease|Any CPU
		{FE8C472A-1D59-4C7A-BC15-713A759E1650}.Generalx64BuildRelease|x64.ActiveCfg = Generalx64BuildRelease|Any CPU
		{FE8C472A-1D59-4C7A-BC15-713A759E1650}.Generalx64BuildRelease|x64.Build.0 = Generalx64BuildRelease|Any CPU
		{FE8C472A-1D59-4C7A-BC15-713A759E1650}.Generalx64BuildRelease|x86.ActiveCfg = Generalx64BuildRelease|Any CPU
		{FE8C472A-1D59-4C7A-BC15-713A759E1650}.Generalx64BuildRelease|x86.Build.0 = Generalx64BuildRelease|Any CPU
		{FE8C472A-1D59-4C7A-BC15-713A759E1650}.Release|Any CPU.ActiveCfg = Release|Any CPU
		{FE8C472A-1D59-4C7A-BC15-713A759E1650}.Release|Any CPU.Build.0 = Release|Any CPU
		{FE8C472A-1D59-4C7A-BC15-713A759E1650}.Release|x64.ActiveCfg = Release|Any CPU
		{FE8C472A-1D59-4C7A-BC15-713A759E1650}.Release|x64.Build.0 = Release|Any CPU
		{FE8C472A-1D59-4C7A-BC15-713A759E1650}.Release|x86.ActiveCfg = Release|Any CPU
		{FE8C472A-1D59-4C7A-BC15-713A759E1650}.Release|x86.Build.0 = Release|Any CPU
		{94EC1DF6-4361-4EE6-8557-DC44BCB890F6}.Debug|Any CPU.ActiveCfg = Debug|Any CPU
		{94EC1DF6-4361-4EE6-8557-DC44BCB890F6}.Debug|Any CPU.Build.0 = Debug|Any CPU
		{94EC1DF6-4361-4EE6-8557-DC44BCB890F6}.Debug|x64.ActiveCfg = Debug|Any CPU
		{94EC1DF6-4361-4EE6-8557-DC44BCB890F6}.Debug|x64.Build.0 = Debug|Any CPU
		{94EC1DF6-4361-4EE6-8557-DC44BCB890F6}.Debug|x86.ActiveCfg = Debug|Any CPU
		{94EC1DF6-4361-4EE6-8557-DC44BCB890F6}.Debug|x86.Build.0 = Debug|Any CPU
		{94EC1DF6-4361-4EE6-8557-DC44BCB890F6}.Generalx64BuildDebug|Any CPU.ActiveCfg = Generalx64BuildDebug|Any CPU
		{94EC1DF6-4361-4EE6-8557-DC44BCB890F6}.Generalx64BuildDebug|Any CPU.Build.0 = Generalx64BuildDebug|Any CPU
		{94EC1DF6-4361-4EE6-8557-DC44BCB890F6}.Generalx64BuildDebug|x64.ActiveCfg = Generalx64BuildDebug|Any CPU
		{94EC1DF6-4361-4EE6-8557-DC44BCB890F6}.Generalx64BuildDebug|x64.Build.0 = Generalx64BuildDebug|Any CPU
		{94EC1DF6-4361-4EE6-8557-DC44BCB890F6}.Generalx64BuildDebug|x86.ActiveCfg = Generalx64BuildDebug|Any CPU
		{94EC1DF6-4361-4EE6-8557-DC44BCB890F6}.Generalx64BuildDebug|x86.Build.0 = Generalx64BuildDebug|Any CPU
		{94EC1DF6-4361-4EE6-8557-DC44BCB890F6}.Generalx64BuildRelease|Any CPU.ActiveCfg = Generalx64BuildRelease|Any CPU
		{94EC1DF6-4361-4EE6-8557-DC44BCB890F6}.Generalx64BuildRelease|Any CPU.Build.0 = Generalx64BuildRelease|Any CPU
		{94EC1DF6-4361-4EE6-8557-DC44BCB890F6}.Generalx64BuildRelease|x64.ActiveCfg = Generalx64BuildRelease|Any CPU
		{94EC1DF6-4361-4EE6-8557-DC44BCB890F6}.Generalx64BuildRelease|x64.Build.0 = Generalx64BuildRelease|Any CPU
		{94EC1DF6-4361-4EE6-8557-DC44BCB890F6}.Generalx64BuildRelease|x86.ActiveCfg = Generalx64BuildRelease|Any CPU
		{94EC1DF6-4361-4EE6-8557-DC44BCB890F6}.Generalx64BuildRelease|x86.Build.0 = Generalx64BuildRelease|Any CPU
		{94EC1DF6-4361-4EE6-8557-DC44BCB890F6}.Release|Any CPU.ActiveCfg = Release|Any CPU
		{94EC1DF6-4361-4EE6-8557-DC44BCB890F6}.Release|Any CPU.Build.0 = Release|Any CPU
		{94EC1DF6-4361-4EE6-8557-DC44BCB890F6}.Release|x64.ActiveCfg = Release|Any CPU
		{94EC1DF6-4361-4EE6-8557-DC44BCB890F6}.Release|x64.Build.0 = Release|Any CPU
		{94EC1DF6-4361-4EE6-8557-DC44BCB890F6}.Release|x86.ActiveCfg = Release|Any CPU
		{94EC1DF6-4361-4EE6-8557-DC44BCB890F6}.Release|x86.Build.0 = Release|Any CPU
		{A1F1D163-D66B-433B-BD17-F49E96AE6F2A}.Debug|Any CPU.ActiveCfg = Debug|Any CPU
		{A1F1D163-D66B-433B-BD17-F49E96AE6F2A}.Debug|Any CPU.Build.0 = Debug|Any CPU
		{A1F1D163-D66B-433B-BD17-F49E96AE6F2A}.Debug|x64.ActiveCfg = Debug|Any CPU
		{A1F1D163-D66B-433B-BD17-F49E96AE6F2A}.Debug|x64.Build.0 = Debug|Any CPU
		{A1F1D163-D66B-433B-BD17-F49E96AE6F2A}.Debug|x86.ActiveCfg = Debug|Any CPU
		{A1F1D163-D66B-433B-BD17-F49E96AE6F2A}.Debug|x86.Build.0 = Debug|Any CPU
		{A1F1D163-D66B-433B-BD17-F49E96AE6F2A}.Generalx64BuildDebug|Any CPU.ActiveCfg = Generalx64BuildDebug|Any CPU
		{A1F1D163-D66B-433B-BD17-F49E96AE6F2A}.Generalx64BuildDebug|Any CPU.Build.0 = Generalx64BuildDebug|Any CPU
		{A1F1D163-D66B-433B-BD17-F49E96AE6F2A}.Generalx64BuildDebug|x64.ActiveCfg = Generalx64BuildDebug|Any CPU
		{A1F1D163-D66B-433B-BD17-F49E96AE6F2A}.Generalx64BuildDebug|x64.Build.0 = Generalx64BuildDebug|Any CPU
		{A1F1D163-D66B-433B-BD17-F49E96AE6F2A}.Generalx64BuildDebug|x86.ActiveCfg = Generalx64BuildDebug|Any CPU
		{A1F1D163-D66B-433B-BD17-F49E96AE6F2A}.Generalx64BuildDebug|x86.Build.0 = Generalx64BuildDebug|Any CPU
		{A1F1D163-D66B-433B-BD17-F49E96AE6F2A}.Generalx64BuildRelease|Any CPU.ActiveCfg = Generalx64BuildRelease|Any CPU
		{A1F1D163-D66B-433B-BD17-F49E96AE6F2A}.Generalx64BuildRelease|Any CPU.Build.0 = Generalx64BuildRelease|Any CPU
		{A1F1D163-D66B-433B-BD17-F49E96AE6F2A}.Generalx64BuildRelease|x64.ActiveCfg = Generalx64BuildRelease|Any CPU
		{A1F1D163-D66B-433B-BD17-F49E96AE6F2A}.Generalx64BuildRelease|x64.Build.0 = Generalx64BuildRelease|Any CPU
		{A1F1D163-D66B-433B-BD17-F49E96AE6F2A}.Generalx64BuildRelease|x86.ActiveCfg = Generalx64BuildRelease|Any CPU
		{A1F1D163-D66B-433B-BD17-F49E96AE6F2A}.Generalx64BuildRelease|x86.Build.0 = Generalx64BuildRelease|Any CPU
		{A1F1D163-D66B-433B-BD17-F49E96AE6F2A}.Release|Any CPU.ActiveCfg = Release|Any CPU
		{A1F1D163-D66B-433B-BD17-F49E96AE6F2A}.Release|Any CPU.Build.0 = Release|Any CPU
		{A1F1D163-D66B-433B-BD17-F49E96AE6F2A}.Release|x64.ActiveCfg = Release|Any CPU
		{A1F1D163-D66B-433B-BD17-F49E96AE6F2A}.Release|x64.Build.0 = Release|Any CPU
		{A1F1D163-D66B-433B-BD17-F49E96AE6F2A}.Release|x86.ActiveCfg = Release|Any CPU
		{A1F1D163-D66B-433B-BD17-F49E96AE6F2A}.Release|x86.Build.0 = Release|Any CPU
		{8D041779-A608-4F54-89D3-0098B9D49697}.Debug|Any CPU.ActiveCfg = Debug|Any CPU
		{8D041779-A608-4F54-89D3-0098B9D49697}.Debug|Any CPU.Build.0 = Debug|Any CPU
		{8D041779-A608-4F54-89D3-0098B9D49697}.Debug|x64.ActiveCfg = Debug|Any CPU
		{8D041779-A608-4F54-89D3-0098B9D49697}.Debug|x64.Build.0 = Debug|Any CPU
		{8D041779-A608-4F54-89D3-0098B9D49697}.Debug|x86.ActiveCfg = Debug|Any CPU
		{8D041779-A608-4F54-89D3-0098B9D49697}.Debug|x86.Build.0 = Debug|Any CPU
		{8D041779-A608-4F54-89D3-0098B9D49697}.Generalx64BuildDebug|Any CPU.ActiveCfg = Generalx64BuildDebug|Any CPU
		{8D041779-A608-4F54-89D3-0098B9D49697}.Generalx64BuildDebug|Any CPU.Build.0 = Generalx64BuildDebug|Any CPU
		{8D041779-A608-4F54-89D3-0098B9D49697}.Generalx64BuildDebug|x64.ActiveCfg = Generalx64BuildDebug|Any CPU
		{8D041779-A608-4F54-89D3-0098B9D49697}.Generalx64BuildDebug|x64.Build.0 = Generalx64BuildDebug|Any CPU
		{8D041779-A608-4F54-89D3-0098B9D49697}.Generalx64BuildDebug|x86.ActiveCfg = Generalx64BuildDebug|Any CPU
		{8D041779-A608-4F54-89D3-0098B9D49697}.Generalx64BuildDebug|x86.Build.0 = Generalx64BuildDebug|Any CPU
		{8D041779-A608-4F54-89D3-0098B9D49697}.Generalx64BuildRelease|Any CPU.ActiveCfg = Generalx64BuildRelease|Any CPU
		{8D041779-A608-4F54-89D3-0098B9D49697}.Generalx64BuildRelease|Any CPU.Build.0 = Generalx64BuildRelease|Any CPU
		{8D041779-A608-4F54-89D3-0098B9D49697}.Generalx64BuildRelease|x64.ActiveCfg = Generalx64BuildRelease|Any CPU
		{8D041779-A608-4F54-89D3-0098B9D49697}.Generalx64BuildRelease|x64.Build.0 = Generalx64BuildRelease|Any CPU
		{8D041779-A608-4F54-89D3-0098B9D49697}.Generalx64BuildRelease|x86.ActiveCfg = Generalx64BuildRelease|Any CPU
		{8D041779-A608-4F54-89D3-0098B9D49697}.Generalx64BuildRelease|x86.Build.0 = Generalx64BuildRelease|Any CPU
		{8D041779-A608-4F54-89D3-0098B9D49697}.Release|Any CPU.ActiveCfg = Release|Any CPU
		{8D041779-A608-4F54-89D3-0098B9D49697}.Release|Any CPU.Build.0 = Release|Any CPU
		{8D041779-A608-4F54-89D3-0098B9D49697}.Release|x64.ActiveCfg = Release|Any CPU
		{8D041779-A608-4F54-89D3-0098B9D49697}.Release|x64.Build.0 = Release|Any CPU
		{8D041779-A608-4F54-89D3-0098B9D49697}.Release|x86.ActiveCfg = Release|Any CPU
		{8D041779-A608-4F54-89D3-0098B9D49697}.Release|x86.Build.0 = Release|Any CPU
	EndGlobalSection
	GlobalSection(SolutionProperties) = preSolution
		HideSolutionNode = FALSE
	EndGlobalSection
	GlobalSection(ExtensibilityGlobals) = postSolution
		SolutionGuid = {6AA10F69-0805-4E23-8FF7-28A6423AF140}
	EndGlobalSection
EndGlobal
